// !$*UTF8*$!
{
	archiveVersion = 1;
	classes = {
	};
	objectVersion = 56;
	objects = {

/* Begin PBXBuildFile section */
		7453620D73624F44BE466AFF /* LifeCueApp.swift in Sources */ = {isa = PBXBuildFile; fileRef = AEADC797E33F47ADABF25435 /* LifeCueApp.swift */; };
		A7A3CEFF285F46E4B2123A71 /* LifeCueTheme.swift in Sources */ = {isa = PBXBuildFile; fileRef = 1FA44283F8EE408D9BE4E2BF /* LifeCueTheme.swift */; };
		826D3558C965463789905D65 /* BackupReminderInterval.swift in Sources */ = {isa = PBXBuildFile; fileRef = 0291F144B841485CB6A3843F /* BackupReminderInterval.swift */; };
		36C0C2BC151A401288F13D7E /* BackupValidation.swift in Sources */ = {isa = PBXBuildFile; fileRef = 46E875F29D9E40A2BC5E6344 /* BackupValidation.swift */; };
		22F3B8D1526948CCA9DA251E /* LifeCueBackup.swift in Sources */ = {isa = PBXBuildFile; fileRef = F0EE8122A8D44B358305DB77 /* LifeCueBackup.swift */; };
		5B9EE5837A6E4B80BFA3CE5D /* LifeCueBackupMapper.swift in Sources */ = {isa = PBXBuildFile; fileRef = C9EFAD8BE73248CAB1512E05 /* LifeCueBackupMapper.swift */; };
		46C8439841224BBE946F1972 /* CalendarEvent.swift in Sources */ = {isa = PBXBuildFile; fileRef = FE724BD3AE3D4981801B7DA0 /* CalendarEvent.swift */; };
		E0E02E12DCCF4DC3BFD5B835 /* CalendarEventPrefill.swift in Sources */ = {isa = PBXBuildFile; fileRef = 3EA431E6A2924329BE666FB4 /* CalendarEventPrefill.swift */; };
		4660210756574BCF9DCCA865 /* ReminderHomeSection.swift in Sources */ = {isa = PBXBuildFile; fileRef = 127DB72EB4484F01AC25E17C /* ReminderHomeSection.swift */; };
		A785D10CDDDD488DB80FA275 /* ExtractionFieldState.swift in Sources */ = {isa = PBXBuildFile; fileRef = 47B17FC0978F4461888FD8D3 /* ExtractionFieldState.swift */; };
		9C4359B29E0A46D494BC0010 /* ReminderDraft.swift in Sources */ = {isa = PBXBuildFile; fileRef = 47027357F3554F3AB02CC794 /* ReminderDraft.swift */; };
		C2F3C45D9FD94D458C7B0E36 /* ReminderDraftConverter.swift in Sources */ = {isa = PBXBuildFile; fileRef = E262220CAAF2447284DFEDB7 /* ReminderDraftConverter.swift */; };
		F61EE0D040BA400AA41730AA /* ContextService.swift in Sources */ = {isa = PBXBuildFile; fileRef = 47119027AE3C4D7AA54CC7F6 /* ContextService.swift */; };
		6A026205E7E54E438A487E75 /* NotificationReconcileResult.swift in Sources */ = {isa = PBXBuildFile; fileRef = 9CD487BC6CEC4CA4ACE2BCFC /* NotificationReconcileResult.swift */; };
		AD602ACD1A38466C9512C0FB /* OrganizationDeletion.swift in Sources */ = {isa = PBXBuildFile; fileRef = A88BF51524FF4B0E98AF2EF6 /* OrganizationDeletion.swift */; };
		76F9D395FB6143B793C3B5D3 /* OrganizationListScope.swift in Sources */ = {isa = PBXBuildFile; fileRef = E87096103701455EBC0B3D26 /* OrganizationListScope.swift */; };
		C3209D0FD79E47FDB7287B6B /* Person.swift in Sources */ = {isa = PBXBuildFile; fileRef = D5BB5CE51C594049BD534EA6 /* Person.swift */; };
		D91592E97CB44B81A2A6F1AB /* PersonService.swift in Sources */ = {isa = PBXBuildFile; fileRef = 6E1575FB2D2449FAA529C447 /* PersonService.swift */; };
		6A6FB09F6488486697AF34CC /* Reminder.swift in Sources */ = {isa = PBXBuildFile; fileRef = 8BF6165238774806A35FFCAD /* Reminder.swift */; };
		462EE60C5D6047F489E32F44 /* ReminderContext.swift in Sources */ = {isa = PBXBuildFile; fileRef = 9788304BB6664D54838802E0 /* ReminderContext.swift */; };
		D161438B41D54DB2945F3454 /* ReminderDisplayFormatter.swift in Sources */ = {isa = PBXBuildFile; fileRef = B2DB6D2B676C488E8BDA038F /* ReminderDisplayFormatter.swift */; };
		5BCDB13DF3524DB09F68F1A5 /* ReminderForwardFormatter.swift in Sources */ = {isa = PBXBuildFile; fileRef = 09FA5B2744144635B4F1F782 /* ReminderForwardFormatter.swift */; };
		81CD29A94124420FBDC178DB /* ReminderMetadataResolver.swift in Sources */ = {isa = PBXBuildFile; fileRef = 5BB00EB2094C4B0E89538E7D /* ReminderMetadataResolver.swift */; };
		7051D9A2396649D986AD2FCB /* ReminderRecurrence.swift in Sources */ = {isa = PBXBuildFile; fileRef = F7B1F76758454272ADB2EAA0 /* ReminderRecurrence.swift */; };
		B58A263ABCBB4F00A4107151 /* ReminderRule.swift in Sources */ = {isa = PBXBuildFile; fileRef = EF19F7BBAECB42C386E8EC7E /* ReminderRule.swift */; };
		4E3B25C4717B4EF7A94FF54D /* ReminderRuleDisplayFormatter.swift in Sources */ = {isa = PBXBuildFile; fileRef = E6FC9F911F154516B6A1F378 /* ReminderRuleDisplayFormatter.swift */; };
		FC05683D8F1445819F0AFD0B /* ReminderService.swift in Sources */ = {isa = PBXBuildFile; fileRef = 2F72E36C9A6044989B19F30C /* ReminderService.swift */; };
		8B372D83E64545D487C8E09A /* ReminderStatus.swift in Sources */ = {isa = PBXBuildFile; fileRef = 7982877A67D442AB95794F01 /* ReminderStatus.swift */; };
		4B9010E34614445EBCA042C7 /* OCRResult.swift in Sources */ = {isa = PBXBuildFile; fileRef = 4CEC9AF542B34D8EB622F0EC /* OCRResult.swift */; };
		76D8FF1F71F24D55AE963A23 /* ReminderRuleEngine.swift in Sources */ = {isa = PBXBuildFile; fileRef = 3AD9C7CD9FB94608A3CAAE41 /* ReminderRuleEngine.swift */; };
		32547E4DECDB44658DD9FEB1 /* ReminderSchedulingPolicy.swift in Sources */ = {isa = PBXBuildFile; fileRef = 9FD24EB7ABB04C089DEDA583 /* ReminderSchedulingPolicy.swift */; };
		F3E0084F6177487BB6338A0E /* BackupRestorePresentation.swift in Sources */ = {isa = PBXBuildFile; fileRef = 2255E2A21F60401291F00204 /* BackupRestorePresentation.swift */; };
		81FE253608764533A4791DF6 /* BackupRestoreView.swift in Sources */ = {isa = PBXBuildFile; fileRef = 1F13C5B3153043FDA06CCF55 /* BackupRestoreView.swift */; };
		60870D1928B84D33BEA0AFB3 /* CalendarEventDisplayFormatter.swift in Sources */ = {isa = PBXBuildFile; fileRef = D9302076AE0C4C4DA64E80A1 /* CalendarEventDisplayFormatter.swift */; };
		750CC545C41F4BA69B1BC977 /* CalendarEventPickerView.swift in Sources */ = {isa = PBXBuildFile; fileRef = 128AFE9CAF7848B9B0251844 /* CalendarEventPickerView.swift */; };
		1F02EB0083874547850FE5B1 /* CalendarMonthIndexer.swift in Sources */ = {isa = PBXBuildFile; fileRef = BB9F66C6D0E548098EECA1C6 /* CalendarMonthIndexer.swift */; };
		7665E94ABB6841B4B6F0AAAB /* CalendarMonthView.swift in Sources */ = {isa = PBXBuildFile; fileRef = 18C8458F126C42938BD8FBA1 /* CalendarMonthView.swift */; };
		20C9F965CFF2431EA2E6F2A0 /* CalendarMonthViewModel.swift in Sources */ = {isa = PBXBuildFile; fileRef = 94CE109AF5C146A0B2A64C18 /* CalendarMonthViewModel.swift */; };
		88358EC9D0434344840B5E20 /* CalendarUpcomingView.swift in Sources */ = {isa = PBXBuildFile; fileRef = 8383D08E99E4403689FB5582 /* CalendarUpcomingView.swift */; };
		B26F50CF7FAA4ECA9D7452B7 /* CalendarUpcomingViewModel.swift in Sources */ = {isa = PBXBuildFile; fileRef = 7D66B21808DE4DC8806863F0 /* CalendarUpcomingViewModel.swift */; };
		6635C94B85504EAE8284A979 /* MonthCalendarGrid.swift in Sources */ = {isa = PBXBuildFile; fileRef = F149FC0693E7491DABBA933C /* MonthCalendarGrid.swift */; };
		134C84BCBBF340638E68B56E /* AddSomethingView.swift in Sources */ = {isa = PBXBuildFile; fileRef = 1DC0A7E37A024DABB48C6810 /* AddSomethingView.swift */; };
		7E1D8D66E3D844278B1CADBF /* CameraPickerView.swift in Sources */ = {isa = PBXBuildFile; fileRef = 6D8E742223264B208AFD64EE /* CameraPickerView.swift */; };
		749D345E24B64368876369BE /* ExtractionReviewView.swift in Sources */ = {isa = PBXBuildFile; fileRef = C2E7D50FAD2C4A84939F9BE8 /* ExtractionReviewView.swift */; };
		956CE029631548EDB3033559 /* ExtractionReviewViewModel.swift in Sources */ = {isa = PBXBuildFile; fileRef = 799F6659B11B45C2BC9E0574 /* ExtractionReviewViewModel.swift */; };
		4315ECE2BE8E441EA4F48805 /* ImageCaptureFlowView.swift in Sources */ = {isa = PBXBuildFile; fileRef = CF2362C5A8C145528D6380A2 /* ImageCaptureFlowView.swift */; };
		3F03027B1CFB48D1BCC878EA /* ImageCaptureViewModel.swift in Sources */ = {isa = PBXBuildFile; fileRef = C449F3C6A7B0478AADAE5F61 /* ImageCaptureViewModel.swift */; };
		C341E4C1BA8742D68EBD1AB7 /* OCRResultViews.swift in Sources */ = {isa = PBXBuildFile; fileRef = 10AE6FF51284429EBA35C951 /* OCRResultViews.swift */; };
		AED9D7B4563A4E2FA4845291 /* TransferableImageData.swift in Sources */ = {isa = PBXBuildFile; fileRef = FDB474AE674C4CA08AE7F80E /* TransferableImageData.swift */; };
		A4834D1421DA47BAA2F2F2B6 /* HelpContent.swift in Sources */ = {isa = PBXBuildFile; fileRef = 6BE9E39518364BAD9AD8BA3F /* HelpContent.swift */; };
		0D77463949FA4E8B9C9B365A /* HelpView.swift in Sources */ = {isa = PBXBuildFile; fileRef = 67D3CB1D32A4442C9875218F /* HelpView.swift */; };
		1D23FEE8F7C146A5BCB731FE /* HomeView.swift in Sources */ = {isa = PBXBuildFile; fileRef = F84C702120C0468FB2909368 /* HomeView.swift */; };
		1E6BC28CC598460B91E63C60 /* ReminderHomeFiltering.swift in Sources */ = {isa = PBXBuildFile; fileRef = DD58C4825BA04DF08B50F503 /* ReminderHomeFiltering.swift */; };
		E5DA9E53B0754E0A94A35481 /* ReminderListViewModel.swift in Sources */ = {isa = PBXBuildFile; fileRef = FB203C5D991642B7AC487BEC /* ReminderListViewModel.swift */; };
		7580C8BFB88647CC96584712 /* MoreNavigationPresentation.swift in Sources */ = {isa = PBXBuildFile; fileRef = 8C2AE07E9EE34A4D9327E385 /* MoreNavigationPresentation.swift */; };
		4C86AC74CC0042298D94AB87 /* MoreView.swift in Sources */ = {isa = PBXBuildFile; fileRef = 60FFFDC666BA416DB45A218E /* MoreView.swift */; };
		5B633EFEBD514F469E95250E /* ContextsListView.swift in Sources */ = {isa = PBXBuildFile; fileRef = BE192F231A5B447B8B93ECE3 /* ContextsListView.swift */; };
		1562E38FBB284A50AF4957AE /* PeopleListView.swift in Sources */ = {isa = PBXBuildFile; fileRef = E7D8D97559D74AF18EB473B1 /* PeopleListView.swift */; };
		AD8FEA180C7E447E9AC77EE9 /* PlaceholderTabView.swift in Sources */ = {isa = PBXBuildFile; fileRef = FA1F7107ADA741F99947CB53 /* PlaceholderTabView.swift */; };
		0D294E7675A6456B9081BF87 /* ProUnlockView.swift in Sources */ = {isa = PBXBuildFile; fileRef = 1AF5CA0845BD4E7AAB613815 /* ProUnlockView.swift */; };
		20C7A0CCD2CD41AAA56CE7E2 /* AddReminderView.swift in Sources */ = {isa = PBXBuildFile; fileRef = 27E9146FDA17410FBA231437 /* AddReminderView.swift */; };
		0CF1CB154C3645B6B0F8410B /* EditReminderView.swift in Sources */ = {isa = PBXBuildFile; fileRef = 4ED9BA9045F941CD9DED62B2 /* EditReminderView.swift */; };
		C063CF361150424B8D1471AA /* ForwardReminderView.swift in Sources */ = {isa = PBXBuildFile; fileRef = 0F404072BA664524A868AB34 /* ForwardReminderView.swift */; };
		7C780815A7B543CFA5EF6995 /* ReminderDetailView.swift in Sources */ = {isa = PBXBuildFile; fileRef = 15D285D2B8B04BEF921D618D /* ReminderDetailView.swift */; };
		50D8D38C85544A499D6BB919 /* ReminderOrganizationSection.swift in Sources */ = {isa = PBXBuildFile; fileRef = 4F1C0DCC90C548FF98AA298A /* ReminderOrganizationSection.swift */; };
		E59B79C291754194BE9E9517 /* ReminderScheduleFormModel.swift in Sources */ = {isa = PBXBuildFile; fileRef = 8E5200A866A7457680045558 /* ReminderScheduleFormModel.swift */; };
		4EDC1D385F1C444AAB744336 /* PersistenceFailureView.swift in Sources */ = {isa = PBXBuildFile; fileRef = D41010277A4F4E639530FC07 /* PersistenceFailureView.swift */; };
		0ACA8DFCDF544F0E9E935A20 /* RootView.swift in Sources */ = {isa = PBXBuildFile; fileRef = 9B726C600F1649C19F3580A6 /* RootView.swift */; };
		D36FF7A4F33B42998284F3B8 /* AboutLifeCueView.swift in Sources */ = {isa = PBXBuildFile; fileRef = 0EEFCAA0AD6A44D7AFCF6BF5 /* AboutLifeCueView.swift */; };
		9DBC8319C46342E489F0DDB9 /* PrivacyContent.swift in Sources */ = {isa = PBXBuildFile; fileRef = 60468C3B723F422C8FD7D8CD /* PrivacyContent.swift */; };
		4C46ADF62D5F40F6B60FB7DB /* PrivacyView.swift in Sources */ = {isa = PBXBuildFile; fileRef = 1C8E9B3186D54D219E618FB6 /* PrivacyView.swift */; };
		36B466E687D742A6AC08B63E /* SettingsView.swift in Sources */ = {isa = PBXBuildFile; fileRef = F6BA4282F1174231A39DD24C /* SettingsView.swift */; };
		51B97B4850764C3ABCBCBB5E /* BackupExportImportServices.swift in Sources */ = {isa = PBXBuildFile; fileRef = F697CE86F1AF4D47B6ACCD59 /* BackupExportImportServices.swift */; };
		3B364D72D6194A1D9375145C /* BackupReminderScheduler.swift in Sources */ = {isa = PBXBuildFile; fileRef = DF625B8F4A464CE3B9471B39 /* BackupReminderScheduler.swift */; };
		C7A82966EEED4753846EF1A4 /* BackupStoreReplacing.swift in Sources */ = {isa = PBXBuildFile; fileRef = FECFDE157167473EA85E5867 /* BackupStoreReplacing.swift */; };
		2458D4E544CE41A59826E6A4 /* LifeCueBackupFileDocument.swift in Sources */ = {isa = PBXBuildFile; fileRef = 562460EB9C45485C8350A95A /* LifeCueBackupFileDocument.swift */; };
		8740BD6B7A9C4439909A8AD7 /* CalendarServing.swift in Sources */ = {isa = PBXBuildFile; fileRef = 90F718CE85AB4E3E9A0E4498 /* CalendarServing.swift */; };
		6725BD8EE6934AF1AE5E4081 /* EventKitCalendarService.swift in Sources */ = {isa = PBXBuildFile; fileRef = 0A51B8C8F9CC417A92282300 /* EventKitCalendarService.swift */; };
		7CB3AFDBD6254771A5D31A12 /* FakeCalendarService.swift in Sources */ = {isa = PBXBuildFile; fileRef = EDC0FDA1F6E14E7E821979D7 /* FakeCalendarService.swift */; };
		F9D5203C8F164C41A646FE1A /* DeterministicReminderTextExtractor.swift in Sources */ = {isa = PBXBuildFile; fileRef = 77BF3FB3A175454B97D80381 /* DeterministicReminderTextExtractor.swift */; };
		69D51930EF814AB794839F4B /* ExtractionDateParser.swift in Sources */ = {isa = PBXBuildFile; fileRef = 9F5BA3594DB74E1D96E118CD /* ExtractionDateParser.swift */; };
		2ECE6BFCAD954F01B6F8A46E /* ExtractionTimeParser.swift in Sources */ = {isa = PBXBuildFile; fileRef = 6F952D8A20E042C58C5407CF /* ExtractionTimeParser.swift */; };
		34DAA4E3B6B84AE981939C6E /* FakeReminderTextExtractor.swift in Sources */ = {isa = PBXBuildFile; fileRef = 36B3E976DE4B4CC1929AF578 /* FakeReminderTextExtractor.swift */; };
		5944622A8811402BA40BA785 /* ReminderTextExtracting.swift in Sources */ = {isa = PBXBuildFile; fileRef = 2BC56ADA17A34886992C1E0B /* ReminderTextExtracting.swift */; };
		D86BBD2B3B5940DB95E7B513 /* ForwardSharingService.swift in Sources */ = {isa = PBXBuildFile; fileRef = B5B9F2C85BA44561BCA4C53F /* ForwardSharingService.swift */; };
		20194E4908EE43CB9316CD28 /* BackupReminderNotification.swift in Sources */ = {isa = PBXBuildFile; fileRef = 25492E406A7046CBB806374E /* BackupReminderNotification.swift */; };
		D25AD7C13B674D2F9E94E27A /* DelayedNotificationScheduler.swift in Sources */ = {isa = PBXBuildFile; fileRef = 5D3147B93B6A48FF89FCEF3C /* DelayedNotificationScheduler.swift */; };
		0245C902D08D4980BDB045A3 /* FakeNotificationScheduler.swift in Sources */ = {isa = PBXBuildFile; fileRef = 0D023EEBC65C48FC868A7B4F /* FakeNotificationScheduler.swift */; };
		E439826F7F00452495D1B423 /* LifeCueNotificationCenterDelegate.swift in Sources */ = {isa = PBXBuildFile; fileRef = 260D80456AC94456AC8062AE /* LifeCueNotificationCenterDelegate.swift */; };
		2CE2A39297EB47D99B2F9406 /* NotificationContentBuilder.swift in Sources */ = {isa = PBXBuildFile; fileRef = 91AE1121BBB94ECD990ADA9F /* NotificationContentBuilder.swift */; };
		BDFCD529867D4FC1988DF229 /* NotificationNavigationStore.swift in Sources */ = {isa = PBXBuildFile; fileRef = E5BC885196F345BFA39981A1 /* NotificationNavigationStore.swift */; };
		14F6CA951B57462782FD10F9 /* NotificationScheduling.swift in Sources */ = {isa = PBXBuildFile; fileRef = 73FBB61B77B3469BB96C5718 /* NotificationScheduling.swift */; };
		1E7CDF08B3CE45948110E218 /* NotificationTapRouting.swift in Sources */ = {isa = PBXBuildFile; fileRef = 2A83EB8B0E024E4C8CA45C15 /* NotificationTapRouting.swift */; };
		F2B26693AD59412797795CCA /* UserNotificationScheduler.swift in Sources */ = {isa = PBXBuildFile; fileRef = D360CC3ED201492D9FDBA7BD /* UserNotificationScheduler.swift */; };
		256137CA0525466ABBF36AD1 /* FakeOCRService.swift in Sources */ = {isa = PBXBuildFile; fileRef = 7FBCB2BD75F54FC1B93E177E /* FakeOCRService.swift */; };
		5979B96CD0414F29BAD24C89 /* OCRServing.swift in Sources */ = {isa = PBXBuildFile; fileRef = A5A7FDEEA0B94094979CECA9 /* OCRServing.swift */; };
		D337BAB5D94B4354850FF0FF /* VisionOCRService.swift in Sources */ = {isa = PBXBuildFile; fileRef = 9D41A6A388FF4DDFA72E865F /* VisionOCRService.swift */; };
		E03FD86E135E469998F177AA /* ContextRecord.swift in Sources */ = {isa = PBXBuildFile; fileRef = 7E8D3FC1FD824C2E99BDA679 /* ContextRecord.swift */; };
		8AD4A8110C694AF1B6207C54 /* ContextRepository.swift in Sources */ = {isa = PBXBuildFile; fileRef = 1A058FC7E7504E6F8DAF140A /* ContextRepository.swift */; };
		05E259A8E209442DA2178301 /* InMemoryReminderRepository.swift in Sources */ = {isa = PBXBuildFile; fileRef = 26CBF7DB846B44289682B18C /* InMemoryReminderRepository.swift */; };
		C6217A890DCC419CAE79C374 /* LifeCueAppBootstrap.swift in Sources */ = {isa = PBXBuildFile; fileRef = DE524E08E6944D3D8766CA4F /* LifeCueAppBootstrap.swift */; };
		15B1C33EA681499498ECF03F /* PersonRecord.swift in Sources */ = {isa = PBXBuildFile; fileRef = 733BAE70BEA54D6FA238B9EE /* PersonRecord.swift */; };
		A46BC179E1854BE1A3534224 /* PersonRepository.swift in Sources */ = {isa = PBXBuildFile; fileRef = D6312429CFB74AD889E9286B /* PersonRepository.swift */; };
		F3D1B458E09D42DDA95BA90B /* ReminderFetchOutcome.swift in Sources */ = {isa = PBXBuildFile; fileRef = 9E1BD98C2B9A4D9BB22F6D66 /* ReminderFetchOutcome.swift */; };
		08FFE4737DD84F2B89C658BB /* ReminderRecord.swift in Sources */ = {isa = PBXBuildFile; fileRef = AA41EBC5D4B74C5186C1C295 /* ReminderRecord.swift */; };
		337B7D7BBA76435EA5E67494 /* ReminderRepository.swift in Sources */ = {isa = PBXBuildFile; fileRef = AC39A91641454DE7AEF73225 /* ReminderRepository.swift */; };
		F3F3C86567884386B50AB852 /* ReminderRuleCoding.swift in Sources */ = {isa = PBXBuildFile; fileRef = 257FBB5B2D014A3FB78798AC /* ReminderRuleCoding.swift */; };
		80B57C08EE6046B8A5B8ED61 /* SwiftDataReminderRepository.swift in Sources */ = {isa = PBXBuildFile; fileRef = 9B22910F18044107AB696867 /* SwiftDataReminderRepository.swift */; };
		B37B2FB0C2D844CDB76ED5C6 /* AppConfig.swift in Sources */ = {isa = PBXBuildFile; fileRef = BC33DA25EDC847399C695B30 /* AppConfig.swift */; };
		7C9E2C4D549C4427A9166E6F /* FeatureAccessPolicy.swift in Sources */ = {isa = PBXBuildFile; fileRef = 1A618D048BC64B5899C34B49 /* FeatureAccessPolicy.swift */; };
		372EFFE9FAAD471D9266DF99 /* PurchaseManager.swift in Sources */ = {isa = PBXBuildFile; fileRef = 8312668FB2774066A954DF8E /* PurchaseManager.swift */; };
		97834AA4E46F4821851B9650 /* LifeCueSettings.swift in Sources */ = {isa = PBXBuildFile; fileRef = 0E8CABCDAE5244B39B9327FC /* LifeCueSettings.swift */; };
		9A3DB712FC6C40ABAB99EF38 /* CalendarMonthTests.swift in Sources */ = {isa = PBXBuildFile; fileRef = 21DDD5C84BB546DC9E26DB70 /* CalendarMonthTests.swift */; };
		A1867F941A5B4F0E9F5D1C11 /* CalendarServiceTests.swift in Sources */ = {isa = PBXBuildFile; fileRef = 14958C1A527B46EF9B7354C3 /* CalendarServiceTests.swift */; };
		F333C855B7BA42E4A971CAD2 /* ExtractionReviewTests.swift in Sources */ = {isa = PBXBuildFile; fileRef = 2D3181E5EE654FD0AE7F917D /* ExtractionReviewTests.swift */; };
		C1025719FA8E420AAA3A297A /* FeatureAccessPolicyTests.swift in Sources */ = {isa = PBXBuildFile; fileRef = 2DD43AD6BAD4473591875753 /* FeatureAccessPolicyTests.swift */; };
		E335B7C413684DC3A22239A3 /* LifeCueNotificationCenterDelegateTests.swift in Sources */ = {isa = PBXBuildFile; fileRef = B988F760518B4D8DA5B22AFE /* LifeCueNotificationCenterDelegateTests.swift */; };
		1DE7C1EBCF63477482B7010E /* OCRServiceTests.swift in Sources */ = {isa = PBXBuildFile; fileRef = D99D8B1B9180466F95B538A3 /* OCRServiceTests.swift */; };
		73DD3E7F4046497EAABCC79B /* PeopleContextCreationPresentationTests.swift in Sources */ = {isa = PBXBuildFile; fileRef = E00AAF00C1B14ADDA4807473 /* PeopleContextCreationPresentationTests.swift */; };
		AE4653113C554498993624B5 /* ProjectSourceSyncTests.swift in Sources */ = {isa = PBXBuildFile; fileRef = FFF947BD33DB4F23BAFE4D3C /* ProjectSourceSyncTests.swift */; };
		CE065D517ADC4508ADD88884 /* ReminderDateWindowDefaultTests.swift in Sources */ = {isa = PBXBuildFile; fileRef = 4F8B79661C914C1DA03B6579 /* ReminderDateWindowDefaultTests.swift */; };
		01EF8C914AFA4273A6083DF9 /* ReminderHomeClassifierTests.swift in Sources */ = {isa = PBXBuildFile; fileRef = 6F2ECE065A4F4A9EB176BA37 /* ReminderHomeClassifierTests.swift */; };
		E483616DEFE94702BEA6E510 /* ReminderHomeFilteringTests.swift in Sources */ = {isa = PBXBuildFile; fileRef = 32778353F3FB4CBB98460580 /* ReminderHomeFilteringTests.swift */; };
		33B3B78E49264D698DF17CF7 /* ReminderModelTests.swift in Sources */ = {isa = PBXBuildFile; fileRef = D2623ED612BF4E6C9C202CC1 /* ReminderModelTests.swift */; };
		8D600C5A07084E009CB74DAA /* ReminderNotificationLifecycleTests.swift in Sources */ = {isa = PBXBuildFile; fileRef = 9A00287584144F1E90139BA5 /* ReminderNotificationLifecycleTests.swift */; };
		3A68C9A4EF9B4FC7987C48BC /* ReminderRecurrenceEngineTests.swift in Sources */ = {isa = PBXBuildFile; fileRef = EAFC70B754A04B2F8B1CE741 /* ReminderRecurrenceEngineTests.swift */; };
		1650C4F9CB30412E84D87234 /* ReminderRuleCodingTests.swift in Sources */ = {isa = PBXBuildFile; fileRef = 90DFBA118B974315A87A0CC8 /* ReminderRuleCodingTests.swift */; };
		35688B9AF9354CE092389C71 /* ReminderRuleEngineTests.swift in Sources */ = {isa = PBXBuildFile; fileRef = 03E57C6260314979BE7CEBA2 /* ReminderRuleEngineTests.swift */; };
		DBB8D846ABBF43CA9DF3541F /* ReminderScheduleRaceTests.swift in Sources */ = {isa = PBXBuildFile; fileRef = 774423BF5BBC4771A4C054CC /* ReminderScheduleRaceTests.swift */; };
		419947835BC1486ABE71F7EA /* ReminderServiceTests.swift in Sources */ = {isa = PBXBuildFile; fileRef = C80DEC6DE95C486BB52B3456 /* ReminderServiceTests.swift */; };
		FA8DBA6574B94543A0910221 /* ReminderSprint13OCRExtractionTests.swift in Sources */ = {isa = PBXBuildFile; fileRef = D1A3BA6259B4419787B668FC /* ReminderSprint13OCRExtractionTests.swift */; };
		D943EB9481A640C89CA308ED /* ReminderSprint14BackupTests.swift in Sources */ = {isa = PBXBuildFile; fileRef = 5F1FBC2ACCC14059AD6F2410 /* ReminderSprint14BackupTests.swift */; };
		A9D185E7F8614D6AB3758E40 /* ReminderSprint15BackupReminderTests.swift in Sources */ = {isa = PBXBuildFile; fileRef = 3D3A2E5F7A594EE48573F456 /* ReminderSprint15BackupReminderTests.swift */; };
		7E748171B8214688A7298A3E /* ReminderSprint15HelpTests.swift in Sources */ = {isa = PBXBuildFile; fileRef = EF88FFEEAD9549AA8F6631A9 /* ReminderSprint15HelpTests.swift */; };
		12A7802105984E58B7CB7436 /* ReminderSprint16SettingsTests.swift in Sources */ = {isa = PBXBuildFile; fileRef = 79253A52D78440C1A1903868 /* ReminderSprint16SettingsTests.swift */; };
		5B1B1B5EF661475F885297C0 /* ReminderSprint17ReliabilityTests.swift in Sources */ = {isa = PBXBuildFile; fileRef = 36BBADD967D54CEB8979316F /* ReminderSprint17ReliabilityTests.swift */; };
		9BA5219844E1442A8E536400 /* ReminderSprint18DeletionTests.swift in Sources */ = {isa = PBXBuildFile; fileRef = AE601CCDAD494ECCAA23D710 /* ReminderSprint18DeletionTests.swift */; };
		1B39C4391CB249A3AB253FD5 /* ReminderSprint19UnarchiveTests.swift in Sources */ = {isa = PBXBuildFile; fileRef = 4C2E636DE5B144A785C3CFF6 /* ReminderSprint19UnarchiveTests.swift */; };
		31ABC23CEB864A83940701B6 /* ReminderSprint20ReliabilityQATests.swift in Sources */ = {isa = PBXBuildFile; fileRef = AE3975152B5C4A9CB6E73EC6 /* ReminderSprint20ReliabilityQATests.swift */; };
		1562E64476DD4689BB90B629 /* ReminderSprint61ReliabilityTests.swift in Sources */ = {isa = PBXBuildFile; fileRef = 3048F8AF5A394C9081A3E8B7 /* ReminderSprint61ReliabilityTests.swift */; };
		A31E191F04994D498D46D0A9 /* ReminderSprint62CapacityTests.swift in Sources */ = {isa = PBXBuildFile; fileRef = 8EDF92CB6A824A5EAB0B408A /* ReminderSprint62CapacityTests.swift */; };
		6F7289F2736D444289BAB3ED /* ReminderSprint7PeopleContextTests.swift in Sources */ = {isa = PBXBuildFile; fileRef = 56EBF629FE9E4FA8B1809F9F /* ReminderSprint7PeopleContextTests.swift */; };
		9DF720052FB14DB49C09660A /* ReminderSprint8ForwardTests.swift in Sources */ = {isa = PBXBuildFile; fileRef = 58A071FA3E0B44CE809A3381 /* ReminderSprint8ForwardTests.swift */; };
		0AFFC7F8D8A847DFB9E900B5 /* ReminderTextExtractorTests.swift in Sources */ = {isa = PBXBuildFile; fileRef = 83E34CE8E535478CB3B21FD6 /* ReminderTextExtractorTests.swift */; };
		760E96768FE84C97B0C47D61 /* ReminderTimezoneDisplayTests.swift in Sources */ = {isa = PBXBuildFile; fileRef = 0DF42B0F2DFA4BAC9C2478C0 /* ReminderTimezoneDisplayTests.swift */; };
		B2B62B4152094BBCBF0F0BEC /* ReminderWeekdaySelectorUITests.swift in Sources */ = {isa = PBXBuildFile; fileRef = 80106E1E92894D29A3E822C9 /* ReminderWeekdaySelectorUITests.swift */; };
		38D5CC894AF34A25BBA5E2D3 /* SwiftDataReminderRepositoryTests.swift in Sources */ = {isa = PBXBuildFile; fileRef = D264B060C5A147EEB726348C /* SwiftDataReminderRepositoryTests.swift */; };
		CF4698A003C54C188064A64A /* Assets.xcassets in Resources */ = {isa = PBXBuildFile; fileRef = 98EB18122FCC4FA083D72137 /* Assets.xcassets */; };
		FBF08F9538B74E2BA43406B0 /* Configuration.storekit in Resources */ = {isa = PBXBuildFile; fileRef = BAAD3F9487E44295ACBA76AF /* Configuration.storekit */; };
/* End PBXBuildFile section */

/* Begin PBXContainerItemProxy section */
		8893F007B5EF4E848712B719 /* PBXContainerItemProxy */ = {
			isa = PBXContainerItemProxy;
			containerPortal = A8D7D42A314742A19797AF00 /* Project object */;
			proxyType = 1;
			remoteGlobalIDString = 35C86296E87343598B371449;
			remoteInfo = LifeCue;
		};
/* End PBXContainerItemProxy section */

/* Begin PBXFileReference section */
		AEADC797E33F47ADABF25435 /* LifeCueApp.swift */ = {isa = PBXFileReference; lastKnownFileType = sourcecode.swift; path = "LifeCue/App/LifeCueApp.swift"; sourceTree = SOURCE_ROOT; };
		1FA44283F8EE408D9BE4E2BF /* LifeCueTheme.swift */ = {isa = PBXFileReference; lastKnownFileType = sourcecode.swift; path = "LifeCue/DesignSystem/LifeCueTheme.swift"; sourceTree = SOURCE_ROOT; };
		0291F144B841485CB6A3843F /* BackupReminderInterval.swift */ = {isa = PBXFileReference; lastKnownFileType = sourcecode.swift; path = "LifeCue/Domain/Backup/BackupReminderInterval.swift"; sourceTree = SOURCE_ROOT; };
		46E875F29D9E40A2BC5E6344 /* BackupValidation.swift */ = {isa = PBXFileReference; lastKnownFileType = sourcecode.swift; path = "LifeCue/Domain/Backup/BackupValidation.swift"; sourceTree = SOURCE_ROOT; };
		F0EE8122A8D44B358305DB77 /* LifeCueBackup.swift */ = {isa = PBXFileReference; lastKnownFileType = sourcecode.swift; path = "LifeCue/Domain/Backup/LifeCueBackup.swift"; sourceTree = SOURCE_ROOT; };
		C9EFAD8BE73248CAB1512E05 /* LifeCueBackupMapper.swift */ = {isa = PBXFileReference; lastKnownFileType = sourcecode.swift; path = "LifeCue/Domain/Backup/LifeCueBackupMapper.swift"; sourceTree = SOURCE_ROOT; };
		FE724BD3AE3D4981801B7DA0 /* CalendarEvent.swift */ = {isa = PBXFileReference; lastKnownFileType = sourcecode.swift; path = "LifeCue/Domain/Calendar/CalendarEvent.swift"; sourceTree = SOURCE_ROOT; };
		3EA431E6A2924329BE666FB4 /* CalendarEventPrefill.swift */ = {isa = PBXFileReference; lastKnownFileType = sourcecode.swift; path = "LifeCue/Domain/Calendar/CalendarEventPrefill.swift"; sourceTree = SOURCE_ROOT; };
		127DB72EB4484F01AC25E17C /* ReminderHomeSection.swift */ = {isa = PBXFileReference; lastKnownFileType = sourcecode.swift; path = "LifeCue/Domain/Classification/ReminderHomeSection.swift"; sourceTree = SOURCE_ROOT; };
		47B17FC0978F4461888FD8D3 /* ExtractionFieldState.swift */ = {isa = PBXFileReference; lastKnownFileType = sourcecode.swift; path = "LifeCue/Domain/Extraction/ExtractionFieldState.swift"; sourceTree = SOURCE_ROOT; };
		47027357F3554F3AB02CC794 /* ReminderDraft.swift */ = {isa = PBXFileReference; lastKnownFileType = sourcecode.swift; path = "LifeCue/Domain/Extraction/ReminderDraft.swift"; sourceTree = SOURCE_ROOT; };
		E262220CAAF2447284DFEDB7 /* ReminderDraftConverter.swift */ = {isa = PBXFileReference; lastKnownFileType = sourcecode.swift; path = "LifeCue/Domain/Extraction/ReminderDraftConverter.swift"; sourceTree = SOURCE_ROOT; };
		47119027AE3C4D7AA54CC7F6 /* ContextService.swift */ = {isa = PBXFileReference; lastKnownFileType = sourcecode.swift; path = "LifeCue/Domain/Models/ContextService.swift"; sourceTree = SOURCE_ROOT; };
		9CD487BC6CEC4CA4ACE2BCFC /* NotificationReconcileResult.swift */ = {isa = PBXFileReference; lastKnownFileType = sourcecode.swift; path = "LifeCue/Domain/Models/NotificationReconcileResult.swift"; sourceTree = SOURCE_ROOT; };
		A88BF51524FF4B0E98AF2EF6 /* OrganizationDeletion.swift */ = {isa = PBXFileReference; lastKnownFileType = sourcecode.swift; path = "LifeCue/Domain/Models/OrganizationDeletion.swift"; sourceTree = SOURCE_ROOT; };
		E87096103701455EBC0B3D26 /* OrganizationListScope.swift */ = {isa = PBXFileReference; lastKnownFileType = sourcecode.swift; path = "LifeCue/Domain/Models/OrganizationListScope.swift"; sourceTree = SOURCE_ROOT; };
		D5BB5CE51C594049BD534EA6 /* Person.swift */ = {isa = PBXFileReference; lastKnownFileType = sourcecode.swift; path = "LifeCue/Domain/Models/Person.swift"; sourceTree = SOURCE_ROOT; };
		6E1575FB2D2449FAA529C447 /* PersonService.swift */ = {isa = PBXFileReference; lastKnownFileType = sourcecode.swift; path = "LifeCue/Domain/Models/PersonService.swift"; sourceTree = SOURCE_ROOT; };
		8BF6165238774806A35FFCAD /* Reminder.swift */ = {isa = PBXFileReference; lastKnownFileType = sourcecode.swift; path = "LifeCue/Domain/Models/Reminder.swift"; sourceTree = SOURCE_ROOT; };
		9788304BB6664D54838802E0 /* ReminderContext.swift */ = {isa = PBXFileReference; lastKnownFileType = sourcecode.swift; path = "LifeCue/Domain/Models/ReminderContext.swift"; sourceTree = SOURCE_ROOT; };
		B2DB6D2B676C488E8BDA038F /* ReminderDisplayFormatter.swift */ = {isa = PBXFileReference; lastKnownFileType = sourcecode.swift; path = "LifeCue/Domain/Models/ReminderDisplayFormatter.swift"; sourceTree = SOURCE_ROOT; };
		09FA5B2744144635B4F1F782 /* ReminderForwardFormatter.swift */ = {isa = PBXFileReference; lastKnownFileType = sourcecode.swift; path = "LifeCue/Domain/Models/ReminderForwardFormatter.swift"; sourceTree = SOURCE_ROOT; };
		5BB00EB2094C4B0E89538E7D /* ReminderMetadataResolver.swift */ = {isa = PBXFileReference; lastKnownFileType = sourcecode.swift; path = "LifeCue/Domain/Models/ReminderMetadataResolver.swift"; sourceTree = SOURCE_ROOT; };
		F7B1F76758454272ADB2EAA0 /* ReminderRecurrence.swift */ = {isa = PBXFileReference; lastKnownFileType = sourcecode.swift; path = "LifeCue/Domain/Models/ReminderRecurrence.swift"; sourceTree = SOURCE_ROOT; };
		EF19F7BBAECB42C386E8EC7E /* ReminderRule.swift */ = {isa = PBXFileReference; lastKnownFileType = sourcecode.swift; path = "LifeCue/Domain/Models/ReminderRule.swift"; sourceTree = SOURCE_ROOT; };
		E6FC9F911F154516B6A1F378 /* ReminderRuleDisplayFormatter.swift */ = {isa = PBXFileReference; lastKnownFileType = sourcecode.swift; path = "LifeCue/Domain/Models/ReminderRuleDisplayFormatter.swift"; sourceTree = SOURCE_ROOT; };
		2F72E36C9A6044989B19F30C /* ReminderService.swift */ = {isa = PBXFileReference; lastKnownFileType = sourcecode.swift; path = "LifeCue/Domain/Models/ReminderService.swift"; sourceTree = SOURCE_ROOT; };
		7982877A67D442AB95794F01 /* ReminderStatus.swift */ = {isa = PBXFileReference; lastKnownFileType = sourcecode.swift; path = "LifeCue/Domain/Models/ReminderStatus.swift"; sourceTree = SOURCE_ROOT; };
		4CEC9AF542B34D8EB622F0EC /* OCRResult.swift */ = {isa = PBXFileReference; lastKnownFileType = sourcecode.swift; path = "LifeCue/Domain/OCR/OCRResult.swift"; sourceTree = SOURCE_ROOT; };
		3AD9C7CD9FB94608A3CAAE41 /* ReminderRuleEngine.swift */ = {isa = PBXFileReference; lastKnownFileType = sourcecode.swift; path = "LifeCue/Domain/ReminderEngine/ReminderRuleEngine.swift"; sourceTree = SOURCE_ROOT; };
		9FD24EB7ABB04C089DEDA583 /* ReminderSchedulingPolicy.swift */ = {isa = PBXFileReference; lastKnownFileType = sourcecode.swift; path = "LifeCue/Domain/ReminderEngine/ReminderSchedulingPolicy.swift"; sourceTree = SOURCE_ROOT; };
		2255E2A21F60401291F00204 /* BackupRestorePresentation.swift */ = {isa = PBXFileReference; lastKnownFileType = sourcecode.swift; path = "LifeCue/Features/Backup/BackupRestorePresentation.swift"; sourceTree = SOURCE_ROOT; };
		1F13C5B3153043FDA06CCF55 /* BackupRestoreView.swift */ = {isa = PBXFileReference; lastKnownFileType = sourcecode.swift; path = "LifeCue/Features/Backup/BackupRestoreView.swift"; sourceTree = SOURCE_ROOT; };
		D9302076AE0C4C4DA64E80A1 /* CalendarEventDisplayFormatter.swift */ = {isa = PBXFileReference; lastKnownFileType = sourcecode.swift; path = "LifeCue/Features/Calendar/CalendarEventDisplayFormatter.swift"; sourceTree = SOURCE_ROOT; };
		128AFE9CAF7848B9B0251844 /* CalendarEventPickerView.swift */ = {isa = PBXFileReference; lastKnownFileType = sourcecode.swift; path = "LifeCue/Features/Calendar/CalendarEventPickerView.swift"; sourceTree = SOURCE_ROOT; };
		BB9F66C6D0E548098EECA1C6 /* CalendarMonthIndexer.swift */ = {isa = PBXFileReference; lastKnownFileType = sourcecode.swift; path = "LifeCue/Features/Calendar/CalendarMonthIndexer.swift"; sourceTree = SOURCE_ROOT; };
		18C8458F126C42938BD8FBA1 /* CalendarMonthView.swift */ = {isa = PBXFileReference; lastKnownFileType = sourcecode.swift; path = "LifeCue/Features/Calendar/CalendarMonthView.swift"; sourceTree = SOURCE_ROOT; };
		94CE109AF5C146A0B2A64C18 /* CalendarMonthViewModel.swift */ = {isa = PBXFileReference; lastKnownFileType = sourcecode.swift; path = "LifeCue/Features/Calendar/CalendarMonthViewModel.swift"; sourceTree = SOURCE_ROOT; };
		8383D08E99E4403689FB5582 /* CalendarUpcomingView.swift */ = {isa = PBXFileReference; lastKnownFileType = sourcecode.swift; path = "LifeCue/Features/Calendar/CalendarUpcomingView.swift"; sourceTree = SOURCE_ROOT; };
		7D66B21808DE4DC8806863F0 /* CalendarUpcomingViewModel.swift */ = {isa = PBXFileReference; lastKnownFileType = sourcecode.swift; path = "LifeCue/Features/Calendar/CalendarUpcomingViewModel.swift"; sourceTree = SOURCE_ROOT; };
		F149FC0693E7491DABBA933C /* MonthCalendarGrid.swift */ = {isa = PBXFileReference; lastKnownFileType = sourcecode.swift; path = "LifeCue/Features/Calendar/MonthCalendarGrid.swift"; sourceTree = SOURCE_ROOT; };
		1DC0A7E37A024DABB48C6810 /* AddSomethingView.swift */ = {isa = PBXFileReference; lastKnownFileType = sourcecode.swift; path = "LifeCue/Features/Capture/AddSomethingView.swift"; sourceTree = SOURCE_ROOT; };
		6D8E742223264B208AFD64EE /* CameraPickerView.swift */ = {isa = PBXFileReference; lastKnownFileType = sourcecode.swift; path = "LifeCue/Features/Capture/CameraPickerView.swift"; sourceTree = SOURCE_ROOT; };
		C2E7D50FAD2C4A84939F9BE8 /* ExtractionReviewView.swift */ = {isa = PBXFileReference; lastKnownFileType = sourcecode.swift; path = "LifeCue/Features/Capture/ExtractionReviewView.swift"; sourceTree = SOURCE_ROOT; };
		799F6659B11B45C2BC9E0574 /* ExtractionReviewViewModel.swift */ = {isa = PBXFileReference; lastKnownFileType = sourcecode.swift; path = "LifeCue/Features/Capture/ExtractionReviewViewModel.swift"; sourceTree = SOURCE_ROOT; };
		CF2362C5A8C145528D6380A2 /* ImageCaptureFlowView.swift */ = {isa = PBXFileReference; lastKnownFileType = sourcecode.swift; path = "LifeCue/Features/Capture/ImageCaptureFlowView.swift"; sourceTree = SOURCE_ROOT; };
		C449F3C6A7B0478AADAE5F61 /* ImageCaptureViewModel.swift */ = {isa = PBXFileReference; lastKnownFileType = sourcecode.swift; path = "LifeCue/Features/Capture/ImageCaptureViewModel.swift"; sourceTree = SOURCE_ROOT; };
		10AE6FF51284429EBA35C951 /* OCRResultViews.swift */ = {isa = PBXFileReference; lastKnownFileType = sourcecode.swift; path = "LifeCue/Features/Capture/OCRResultViews.swift"; sourceTree = SOURCE_ROOT; };
		FDB474AE674C4CA08AE7F80E /* TransferableImageData.swift */ = {isa = PBXFileReference; lastKnownFileType = sourcecode.swift; path = "LifeCue/Features/Capture/TransferableImageData.swift"; sourceTree = SOURCE_ROOT; };
		6BE9E39518364BAD9AD8BA3F /* HelpContent.swift */ = {isa = PBXFileReference; lastKnownFileType = sourcecode.swift; path = "LifeCue/Features/Help/HelpContent.swift"; sourceTree = SOURCE_ROOT; };
		67D3CB1D32A4442C9875218F /* HelpView.swift */ = {isa = PBXFileReference; lastKnownFileType = sourcecode.swift; path = "LifeCue/Features/Help/HelpView.swift"; sourceTree = SOURCE_ROOT; };
		F84C702120C0468FB2909368 /* HomeView.swift */ = {isa = PBXFileReference; lastKnownFileType = sourcecode.swift; path = "LifeCue/Features/Home/HomeView.swift"; sourceTree = SOURCE_ROOT; };
		DD58C4825BA04DF08B50F503 /* ReminderHomeFiltering.swift */ = {isa = PBXFileReference; lastKnownFileType = sourcecode.swift; path = "LifeCue/Features/Home/ReminderHomeFiltering.swift"; sourceTree = SOURCE_ROOT; };
		FB203C5D991642B7AC487BEC /* ReminderListViewModel.swift */ = {isa = PBXFileReference; lastKnownFileType = sourcecode.swift; path = "LifeCue/Features/Home/ReminderListViewModel.swift"; sourceTree = SOURCE_ROOT; };
		8C2AE07E9EE34A4D9327E385 /* MoreNavigationPresentation.swift */ = {isa = PBXFileReference; lastKnownFileType = sourcecode.swift; path = "LifeCue/Features/More/MoreNavigationPresentation.swift"; sourceTree = SOURCE_ROOT; };
		60FFFDC666BA416DB45A218E /* MoreView.swift */ = {isa = PBXFileReference; lastKnownFileType = sourcecode.swift; path = "LifeCue/Features/More/MoreView.swift"; sourceTree = SOURCE_ROOT; };
		BE192F231A5B447B8B93ECE3 /* ContextsListView.swift */ = {isa = PBXFileReference; lastKnownFileType = sourcecode.swift; path = "LifeCue/Features/People/ContextsListView.swift"; sourceTree = SOURCE_ROOT; };
		E7D8D97559D74AF18EB473B1 /* PeopleListView.swift */ = {isa = PBXFileReference; lastKnownFileType = sourcecode.swift; path = "LifeCue/Features/People/PeopleListView.swift"; sourceTree = SOURCE_ROOT; };
		FA1F7107ADA741F99947CB53 /* PlaceholderTabView.swift */ = {isa = PBXFileReference; lastKnownFileType = sourcecode.swift; path = "LifeCue/Features/Placeholders/PlaceholderTabView.swift"; sourceTree = SOURCE_ROOT; };
		1AF5CA0845BD4E7AAB613815 /* ProUnlockView.swift */ = {isa = PBXFileReference; lastKnownFileType = sourcecode.swift; path = "LifeCue/Features/Pro/ProUnlockView.swift"; sourceTree = SOURCE_ROOT; };
		27E9146FDA17410FBA231437 /* AddReminderView.swift */ = {isa = PBXFileReference; lastKnownFileType = sourcecode.swift; path = "LifeCue/Features/Reminder/AddReminderView.swift"; sourceTree = SOURCE_ROOT; };
		4ED9BA9045F941CD9DED62B2 /* EditReminderView.swift */ = {isa = PBXFileReference; lastKnownFileType = sourcecode.swift; path = "LifeCue/Features/Reminder/EditReminderView.swift"; sourceTree = SOURCE_ROOT; };
		0F404072BA664524A868AB34 /* ForwardReminderView.swift */ = {isa = PBXFileReference; lastKnownFileType = sourcecode.swift; path = "LifeCue/Features/Reminder/ForwardReminderView.swift"; sourceTree = SOURCE_ROOT; };
		15D285D2B8B04BEF921D618D /* ReminderDetailView.swift */ = {isa = PBXFileReference; lastKnownFileType = sourcecode.swift; path = "LifeCue/Features/Reminder/ReminderDetailView.swift"; sourceTree = SOURCE_ROOT; };
		4F1C0DCC90C548FF98AA298A /* ReminderOrganizationSection.swift */ = {isa = PBXFileReference; lastKnownFileType = sourcecode.swift; path = "LifeCue/Features/Reminder/ReminderOrganizationSection.swift"; sourceTree = SOURCE_ROOT; };
		8E5200A866A7457680045558 /* ReminderScheduleFormModel.swift */ = {isa = PBXFileReference; lastKnownFileType = sourcecode.swift; path = "LifeCue/Features/Reminder/ReminderScheduleFormModel.swift"; sourceTree = SOURCE_ROOT; };
		D41010277A4F4E639530FC07 /* PersistenceFailureView.swift */ = {isa = PBXFileReference; lastKnownFileType = sourcecode.swift; path = "LifeCue/Features/Root/PersistenceFailureView.swift"; sourceTree = SOURCE_ROOT; };
		9B726C600F1649C19F3580A6 /* RootView.swift */ = {isa = PBXFileReference; lastKnownFileType = sourcecode.swift; path = "LifeCue/Features/Root/RootView.swift"; sourceTree = SOURCE_ROOT; };
		0EEFCAA0AD6A44D7AFCF6BF5 /* AboutLifeCueView.swift */ = {isa = PBXFileReference; lastKnownFileType = sourcecode.swift; path = "LifeCue/Features/Settings/AboutLifeCueView.swift"; sourceTree = SOURCE_ROOT; };
		60468C3B723F422C8FD7D8CD /* PrivacyContent.swift */ = {isa = PBXFileReference; lastKnownFileType = sourcecode.swift; path = "LifeCue/Features/Settings/PrivacyContent.swift"; sourceTree = SOURCE_ROOT; };
		1C8E9B3186D54D219E618FB6 /* PrivacyView.swift */ = {isa = PBXFileReference; lastKnownFileType = sourcecode.swift; path = "LifeCue/Features/Settings/PrivacyView.swift"; sourceTree = SOURCE_ROOT; };
		F6BA4282F1174231A39DD24C /* SettingsView.swift */ = {isa = PBXFileReference; lastKnownFileType = sourcecode.swift; path = "LifeCue/Features/Settings/SettingsView.swift"; sourceTree = SOURCE_ROOT; };
		F697CE86F1AF4D47B6ACCD59 /* BackupExportImportServices.swift */ = {isa = PBXFileReference; lastKnownFileType = sourcecode.swift; path = "LifeCue/Services/Backup/BackupExportImportServices.swift"; sourceTree = SOURCE_ROOT; };
		DF625B8F4A464CE3B9471B39 /* BackupReminderScheduler.swift */ = {isa = PBXFileReference; lastKnownFileType = sourcecode.swift; path = "LifeCue/Services/Backup/BackupReminderScheduler.swift"; sourceTree = SOURCE_ROOT; };
		FECFDE157167473EA85E5867 /* BackupStoreReplacing.swift */ = {isa = PBXFileReference; lastKnownFileType = sourcecode.swift; path = "LifeCue/Services/Backup/BackupStoreReplacing.swift"; sourceTree = SOURCE_ROOT; };
		562460EB9C45485C8350A95A /* LifeCueBackupFileDocument.swift */ = {isa = PBXFileReference; lastKnownFileType = sourcecode.swift; path = "LifeCue/Services/Backup/LifeCueBackupFileDocument.swift"; sourceTree = SOURCE_ROOT; };
		90F718CE85AB4E3E9A0E4498 /* CalendarServing.swift */ = {isa = PBXFileReference; lastKnownFileType = sourcecode.swift; path = "LifeCue/Services/Calendar/CalendarServing.swift"; sourceTree = SOURCE_ROOT; };
		0A51B8C8F9CC417A92282300 /* EventKitCalendarService.swift */ = {isa = PBXFileReference; lastKnownFileType = sourcecode.swift; path = "LifeCue/Services/Calendar/EventKitCalendarService.swift"; sourceTree = SOURCE_ROOT; };
		EDC0FDA1F6E14E7E821979D7 /* FakeCalendarService.swift */ = {isa = PBXFileReference; lastKnownFileType = sourcecode.swift; path = "LifeCue/Services/Calendar/FakeCalendarService.swift"; sourceTree = SOURCE_ROOT; };
		77BF3FB3A175454B97D80381 /* DeterministicReminderTextExtractor.swift */ = {isa = PBXFileReference; lastKnownFileType = sourcecode.swift; path = "LifeCue/Services/Extraction/DeterministicReminderTextExtractor.swift"; sourceTree = SOURCE_ROOT; };
		9F5BA3594DB74E1D96E118CD /* ExtractionDateParser.swift */ = {isa = PBXFileReference; lastKnownFileType = sourcecode.swift; path = "LifeCue/Services/Extraction/ExtractionDateParser.swift"; sourceTree = SOURCE_ROOT; };
		6F952D8A20E042C58C5407CF /* ExtractionTimeParser.swift */ = {isa = PBXFileReference; lastKnownFileType = sourcecode.swift; path = "LifeCue/Services/Extraction/ExtractionTimeParser.swift"; sourceTree = SOURCE_ROOT; };
		36B3E976DE4B4CC1929AF578 /* FakeReminderTextExtractor.swift */ = {isa = PBXFileReference; lastKnownFileType = sourcecode.swift; path = "LifeCue/Services/Extraction/FakeReminderTextExtractor.swift"; sourceTree = SOURCE_ROOT; };
		2BC56ADA17A34886992C1E0B /* ReminderTextExtracting.swift */ = {isa = PBXFileReference; lastKnownFileType = sourcecode.swift; path = "LifeCue/Services/Extraction/ReminderTextExtracting.swift"; sourceTree = SOURCE_ROOT; };
		B5B9F2C85BA44561BCA4C53F /* ForwardSharingService.swift */ = {isa = PBXFileReference; lastKnownFileType = sourcecode.swift; path = "LifeCue/Services/Forward/ForwardSharingService.swift"; sourceTree = SOURCE_ROOT; };
		25492E406A7046CBB806374E /* BackupReminderNotification.swift */ = {isa = PBXFileReference; lastKnownFileType = sourcecode.swift; path = "LifeCue/Services/Notifications/BackupReminderNotification.swift"; sourceTree = SOURCE_ROOT; };
		5D3147B93B6A48FF89FCEF3C /* DelayedNotificationScheduler.swift */ = {isa = PBXFileReference; lastKnownFileType = sourcecode.swift; path = "LifeCue/Services/Notifications/DelayedNotificationScheduler.swift"; sourceTree = SOURCE_ROOT; };
		0D023EEBC65C48FC868A7B4F /* FakeNotificationScheduler.swift */ = {isa = PBXFileReference; lastKnownFileType = sourcecode.swift; path = "LifeCue/Services/Notifications/FakeNotificationScheduler.swift"; sourceTree = SOURCE_ROOT; };
		260D80456AC94456AC8062AE /* LifeCueNotificationCenterDelegate.swift */ = {isa = PBXFileReference; lastKnownFileType = sourcecode.swift; path = "LifeCue/Services/Notifications/LifeCueNotificationCenterDelegate.swift"; sourceTree = SOURCE_ROOT; };
		91AE1121BBB94ECD990ADA9F /* NotificationContentBuilder.swift */ = {isa = PBXFileReference; lastKnownFileType = sourcecode.swift; path = "LifeCue/Services/Notifications/NotificationContentBuilder.swift"; sourceTree = SOURCE_ROOT; };
		E5BC885196F345BFA39981A1 /* NotificationNavigationStore.swift */ = {isa = PBXFileReference; lastKnownFileType = sourcecode.swift; path = "LifeCue/Services/Notifications/NotificationNavigationStore.swift"; sourceTree = SOURCE_ROOT; };
		73FBB61B77B3469BB96C5718 /* NotificationScheduling.swift */ = {isa = PBXFileReference; lastKnownFileType = sourcecode.swift; path = "LifeCue/Services/Notifications/NotificationScheduling.swift"; sourceTree = SOURCE_ROOT; };
		2A83EB8B0E024E4C8CA45C15 /* NotificationTapRouting.swift */ = {isa = PBXFileReference; lastKnownFileType = sourcecode.swift; path = "LifeCue/Services/Notifications/NotificationTapRouting.swift"; sourceTree = SOURCE_ROOT; };
		D360CC3ED201492D9FDBA7BD /* UserNotificationScheduler.swift */ = {isa = PBXFileReference; lastKnownFileType = sourcecode.swift; path = "LifeCue/Services/Notifications/UserNotificationScheduler.swift"; sourceTree = SOURCE_ROOT; };
		7FBCB2BD75F54FC1B93E177E /* FakeOCRService.swift */ = {isa = PBXFileReference; lastKnownFileType = sourcecode.swift; path = "LifeCue/Services/OCR/FakeOCRService.swift"; sourceTree = SOURCE_ROOT; };
		A5A7FDEEA0B94094979CECA9 /* OCRServing.swift */ = {isa = PBXFileReference; lastKnownFileType = sourcecode.swift; path = "LifeCue/Services/OCR/OCRServing.swift"; sourceTree = SOURCE_ROOT; };
		9D41A6A388FF4DDFA72E865F /* VisionOCRService.swift */ = {isa = PBXFileReference; lastKnownFileType = sourcecode.swift; path = "LifeCue/Services/OCR/VisionOCRService.swift"; sourceTree = SOURCE_ROOT; };
		7E8D3FC1FD824C2E99BDA679 /* ContextRecord.swift */ = {isa = PBXFileReference; lastKnownFileType = sourcecode.swift; path = "LifeCue/Services/Persistence/ContextRecord.swift"; sourceTree = SOURCE_ROOT; };
		1A058FC7E7504E6F8DAF140A /* ContextRepository.swift */ = {isa = PBXFileReference; lastKnownFileType = sourcecode.swift; path = "LifeCue/Services/Persistence/ContextRepository.swift"; sourceTree = SOURCE_ROOT; };
		26CBF7DB846B44289682B18C /* InMemoryReminderRepository.swift */ = {isa = PBXFileReference; lastKnownFileType = sourcecode.swift; path = "LifeCue/Services/Persistence/InMemoryReminderRepository.swift"; sourceTree = SOURCE_ROOT; };
		DE524E08E6944D3D8766CA4F /* LifeCueAppBootstrap.swift */ = {isa = PBXFileReference; lastKnownFileType = sourcecode.swift; path = "LifeCue/Services/Persistence/LifeCueAppBootstrap.swift"; sourceTree = SOURCE_ROOT; };
		733BAE70BEA54D6FA238B9EE /* PersonRecord.swift */ = {isa = PBXFileReference; lastKnownFileType = sourcecode.swift; path = "LifeCue/Services/Persistence/PersonRecord.swift"; sourceTree = SOURCE_ROOT; };
		D6312429CFB74AD889E9286B /* PersonRepository.swift */ = {isa = PBXFileReference; lastKnownFileType = sourcecode.swift; path = "LifeCue/Services/Persistence/PersonRepository.swift"; sourceTree = SOURCE_ROOT; };
		9E1BD98C2B9A4D9BB22F6D66 /* ReminderFetchOutcome.swift */ = {isa = PBXFileReference; lastKnownFileType = sourcecode.swift; path = "LifeCue/Services/Persistence/ReminderFetchOutcome.swift"; sourceTree = SOURCE_ROOT; };
		AA41EBC5D4B74C5186C1C295 /* ReminderRecord.swift */ = {isa = PBXFileReference; lastKnownFileType = sourcecode.swift; path = "LifeCue/Services/Persistence/ReminderRecord.swift"; sourceTree = SOURCE_ROOT; };
		AC39A91641454DE7AEF73225 /* ReminderRepository.swift */ = {isa = PBXFileReference; lastKnownFileType = sourcecode.swift; path = "LifeCue/Services/Persistence/ReminderRepository.swift"; sourceTree = SOURCE_ROOT; };
		257FBB5B2D014A3FB78798AC /* ReminderRuleCoding.swift */ = {isa = PBXFileReference; lastKnownFileType = sourcecode.swift; path = "LifeCue/Services/Persistence/ReminderRuleCoding.swift"; sourceTree = SOURCE_ROOT; };
		9B22910F18044107AB696867 /* SwiftDataReminderRepository.swift */ = {isa = PBXFileReference; lastKnownFileType = sourcecode.swift; path = "LifeCue/Services/Persistence/SwiftDataReminderRepository.swift"; sourceTree = SOURCE_ROOT; };
		BC33DA25EDC847399C695B30 /* AppConfig.swift */ = {isa = PBXFileReference; lastKnownFileType = sourcecode.swift; path = "LifeCue/Services/Purchases/AppConfig.swift"; sourceTree = SOURCE_ROOT; };
		1A618D048BC64B5899C34B49 /* FeatureAccessPolicy.swift */ = {isa = PBXFileReference; lastKnownFileType = sourcecode.swift; path = "LifeCue/Services/Purchases/FeatureAccessPolicy.swift"; sourceTree = SOURCE_ROOT; };
		8312668FB2774066A954DF8E /* PurchaseManager.swift */ = {isa = PBXFileReference; lastKnownFileType = sourcecode.swift; path = "LifeCue/Services/Purchases/PurchaseManager.swift"; sourceTree = SOURCE_ROOT; };
		0E8CABCDAE5244B39B9327FC /* LifeCueSettings.swift */ = {isa = PBXFileReference; lastKnownFileType = sourcecode.swift; path = "LifeCue/Services/Settings/LifeCueSettings.swift"; sourceTree = SOURCE_ROOT; };
		21DDD5C84BB546DC9E26DB70 /* CalendarMonthTests.swift */ = {isa = PBXFileReference; lastKnownFileType = sourcecode.swift; path = "LifeCueTests/CalendarMonthTests.swift"; sourceTree = SOURCE_ROOT; };
		14958C1A527B46EF9B7354C3 /* CalendarServiceTests.swift */ = {isa = PBXFileReference; lastKnownFileType = sourcecode.swift; path = "LifeCueTests/CalendarServiceTests.swift"; sourceTree = SOURCE_ROOT; };
		2D3181E5EE654FD0AE7F917D /* ExtractionReviewTests.swift */ = {isa = PBXFileReference; lastKnownFileType = sourcecode.swift; path = "LifeCueTests/ExtractionReviewTests.swift"; sourceTree = SOURCE_ROOT; };
		2DD43AD6BAD4473591875753 /* FeatureAccessPolicyTests.swift */ = {isa = PBXFileReference; lastKnownFileType = sourcecode.swift; path = "LifeCueTests/FeatureAccessPolicyTests.swift"; sourceTree = SOURCE_ROOT; };
		B988F760518B4D8DA5B22AFE /* LifeCueNotificationCenterDelegateTests.swift */ = {isa = PBXFileReference; lastKnownFileType = sourcecode.swift; path = "LifeCueTests/LifeCueNotificationCenterDelegateTests.swift"; sourceTree = SOURCE_ROOT; };
		D99D8B1B9180466F95B538A3 /* OCRServiceTests.swift */ = {isa = PBXFileReference; lastKnownFileType = sourcecode.swift; path = "LifeCueTests/OCRServiceTests.swift"; sourceTree = SOURCE_ROOT; };
		E00AAF00C1B14ADDA4807473 /* PeopleContextCreationPresentationTests.swift */ = {isa = PBXFileReference; lastKnownFileType = sourcecode.swift; path = "LifeCueTests/PeopleContextCreationPresentationTests.swift"; sourceTree = SOURCE_ROOT; };
		FFF947BD33DB4F23BAFE4D3C /* ProjectSourceSyncTests.swift */ = {isa = PBXFileReference; lastKnownFileType = sourcecode.swift; path = "LifeCueTests/ProjectSourceSyncTests.swift"; sourceTree = SOURCE_ROOT; };
		4F8B79661C914C1DA03B6579 /* ReminderDateWindowDefaultTests.swift */ = {isa = PBXFileReference; lastKnownFileType = sourcecode.swift; path = "LifeCueTests/ReminderDateWindowDefaultTests.swift"; sourceTree = SOURCE_ROOT; };
		6F2ECE065A4F4A9EB176BA37 /* ReminderHomeClassifierTests.swift */ = {isa = PBXFileReference; lastKnownFileType = sourcecode.swift; path = "LifeCueTests/ReminderHomeClassifierTests.swift"; sourceTree = SOURCE_ROOT; };
		32778353F3FB4CBB98460580 /* ReminderHomeFilteringTests.swift */ = {isa = PBXFileReference; lastKnownFileType = sourcecode.swift; path = "LifeCueTests/ReminderHomeFilteringTests.swift"; sourceTree = SOURCE_ROOT; };
		D2623ED612BF4E6C9C202CC1 /* ReminderModelTests.swift */ = {isa = PBXFileReference; lastKnownFileType = sourcecode.swift; path = "LifeCueTests/ReminderModelTests.swift"; sourceTree = SOURCE_ROOT; };
		9A00287584144F1E90139BA5 /* ReminderNotificationLifecycleTests.swift */ = {isa = PBXFileReference; lastKnownFileType = sourcecode.swift; path = "LifeCueTests/ReminderNotificationLifecycleTests.swift"; sourceTree = SOURCE_ROOT; };
		EAFC70B754A04B2F8B1CE741 /* ReminderRecurrenceEngineTests.swift */ = {isa = PBXFileReference; lastKnownFileType = sourcecode.swift; path = "LifeCueTests/ReminderRecurrenceEngineTests.swift"; sourceTree = SOURCE_ROOT; };
		90DFBA118B974315A87A0CC8 /* ReminderRuleCodingTests.swift */ = {isa = PBXFileReference; lastKnownFileType = sourcecode.swift; path = "LifeCueTests/ReminderRuleCodingTests.swift"; sourceTree = SOURCE_ROOT; };
		03E57C6260314979BE7CEBA2 /* ReminderRuleEngineTests.swift */ = {isa = PBXFileReference; lastKnownFileType = sourcecode.swift; path = "LifeCueTests/ReminderRuleEngineTests.swift"; sourceTree = SOURCE_ROOT; };
		774423BF5BBC4771A4C054CC /* ReminderScheduleRaceTests.swift */ = {isa = PBXFileReference; lastKnownFileType = sourcecode.swift; path = "LifeCueTests/ReminderScheduleRaceTests.swift"; sourceTree = SOURCE_ROOT; };
		C80DEC6DE95C486BB52B3456 /* ReminderServiceTests.swift */ = {isa = PBXFileReference; lastKnownFileType = sourcecode.swift; path = "LifeCueTests/ReminderServiceTests.swift"; sourceTree = SOURCE_ROOT; };
		D1A3BA6259B4419787B668FC /* ReminderSprint13OCRExtractionTests.swift */ = {isa = PBXFileReference; lastKnownFileType = sourcecode.swift; path = "LifeCueTests/ReminderSprint13OCRExtractionTests.swift"; sourceTree = SOURCE_ROOT; };
		5F1FBC2ACCC14059AD6F2410 /* ReminderSprint14BackupTests.swift */ = {isa = PBXFileReference; lastKnownFileType = sourcecode.swift; path = "LifeCueTests/ReminderSprint14BackupTests.swift"; sourceTree = SOURCE_ROOT; };
		3D3A2E5F7A594EE48573F456 /* ReminderSprint15BackupReminderTests.swift */ = {isa = PBXFileReference; lastKnownFileType = sourcecode.swift; path = "LifeCueTests/ReminderSprint15BackupReminderTests.swift"; sourceTree = SOURCE_ROOT; };
		EF88FFEEAD9549AA8F6631A9 /* ReminderSprint15HelpTests.swift */ = {isa = PBXFileReference; lastKnownFileType = sourcecode.swift; path = "LifeCueTests/ReminderSprint15HelpTests.swift"; sourceTree = SOURCE_ROOT; };
		79253A52D78440C1A1903868 /* ReminderSprint16SettingsTests.swift */ = {isa = PBXFileReference; lastKnownFileType = sourcecode.swift; path = "LifeCueTests/ReminderSprint16SettingsTests.swift"; sourceTree = SOURCE_ROOT; };
		36BBADD967D54CEB8979316F /* ReminderSprint17ReliabilityTests.swift */ = {isa = PBXFileReference; lastKnownFileType = sourcecode.swift; path = "LifeCueTests/ReminderSprint17ReliabilityTests.swift"; sourceTree = SOURCE_ROOT; };
		AE601CCDAD494ECCAA23D710 /* ReminderSprint18DeletionTests.swift */ = {isa = PBXFileReference; lastKnownFileType = sourcecode.swift; path = "LifeCueTests/ReminderSprint18DeletionTests.swift"; sourceTree = SOURCE_ROOT; };
		4C2E636DE5B144A785C3CFF6 /* ReminderSprint19UnarchiveTests.swift */ = {isa = PBXFileReference; lastKnownFileType = sourcecode.swift; path = "LifeCueTests/ReminderSprint19UnarchiveTests.swift"; sourceTree = SOURCE_ROOT; };
		AE3975152B5C4A9CB6E73EC6 /* ReminderSprint20ReliabilityQATests.swift */ = {isa = PBXFileReference; lastKnownFileType = sourcecode.swift; path = "LifeCueTests/ReminderSprint20ReliabilityQATests.swift"; sourceTree = SOURCE_ROOT; };
		3048F8AF5A394C9081A3E8B7 /* ReminderSprint61ReliabilityTests.swift */ = {isa = PBXFileReference; lastKnownFileType = sourcecode.swift; path = "LifeCueTests/ReminderSprint61ReliabilityTests.swift"; sourceTree = SOURCE_ROOT; };
		8EDF92CB6A824A5EAB0B408A /* ReminderSprint62CapacityTests.swift */ = {isa = PBXFileReference; lastKnownFileType = sourcecode.swift; path = "LifeCueTests/ReminderSprint62CapacityTests.swift"; sourceTree = SOURCE_ROOT; };
		56EBF629FE9E4FA8B1809F9F /* ReminderSprint7PeopleContextTests.swift */ = {isa = PBXFileReference; lastKnownFileType = sourcecode.swift; path = "LifeCueTests/ReminderSprint7PeopleContextTests.swift"; sourceTree = SOURCE_ROOT; };
		58A071FA3E0B44CE809A3381 /* ReminderSprint8ForwardTests.swift */ = {isa = PBXFileReference; lastKnownFileType = sourcecode.swift; path = "LifeCueTests/ReminderSprint8ForwardTests.swift"; sourceTree = SOURCE_ROOT; };
		83E34CE8E535478CB3B21FD6 /* ReminderTextExtractorTests.swift */ = {isa = PBXFileReference; lastKnownFileType = sourcecode.swift; path = "LifeCueTests/ReminderTextExtractorTests.swift"; sourceTree = SOURCE_ROOT; };
		0DF42B0F2DFA4BAC9C2478C0 /* ReminderTimezoneDisplayTests.swift */ = {isa = PBXFileReference; lastKnownFileType = sourcecode.swift; path = "LifeCueTests/ReminderTimezoneDisplayTests.swift"; sourceTree = SOURCE_ROOT; };
		80106E1E92894D29A3E822C9 /* ReminderWeekdaySelectorUITests.swift */ = {isa = PBXFileReference; lastKnownFileType = sourcecode.swift; path = "LifeCueTests/ReminderWeekdaySelectorUITests.swift"; sourceTree = SOURCE_ROOT; };
		D264B060C5A147EEB726348C /* SwiftDataReminderRepositoryTests.swift */ = {isa = PBXFileReference; lastKnownFileType = sourcecode.swift; path = "LifeCueTests/SwiftDataReminderRepositoryTests.swift"; sourceTree = SOURCE_ROOT; };
		E2D1C7B62D744102BBD9A530 /* LifeCue.app */ = {isa = PBXFileReference; explicitFileType = wrapper.application; includeInIndex = 0; path = LifeCue.app; sourceTree = BUILT_PRODUCTS_DIR; };
		F0E65386920F4996AADF1AFC /* LifeCueTests.xctest */ = {isa = PBXFileReference; explicitFileType = wrapper.cfbundle; includeInIndex = 0; path = LifeCueTests.xctest; sourceTree = BUILT_PRODUCTS_DIR; };
		98EB18122FCC4FA083D72137 /* Assets.xcassets */ = {isa = PBXFileReference; lastKnownFileType = folder.assetcatalog; path = Assets.xcassets; sourceTree = "<group>"; };
		BAAD3F9487E44295ACBA76AF /* Configuration.storekit */ = {isa = PBXFileReference; lastKnownFileType = text; path = Configuration.storekit; sourceTree = "<group>"; };
/* End PBXFileReference section */

/* Begin PBXFrameworksBuildPhase section */
		A0B58E8160394F009970CD92 /* Frameworks */ = {
			isa = PBXFrameworksBuildPhase;
			buildActionMask = 2147483647;
			files = (
			);
			runOnlyForDeploymentPostprocessing = 0;
		};
		ECD750F97A704E53828F9AF9 /* Frameworks */ = {
			isa = PBXFrameworksBuildPhase;
			buildActionMask = 2147483647;
			files = (
			);
			runOnlyForDeploymentPostprocessing = 0;
		};
/* End PBXFrameworksBuildPhase section */

/* Begin PBXGroup section */
		F9EB7D0E8E6D4ADB9FBB87BD /* App */ = {
			isa = PBXGroup;
			children = (
				AEADC797E33F47ADABF25435 /* LifeCueApp.swift */,
			);
			path = App;
			sourceTree = "<group>";
		};
		AE99E45342B2400ABFF70910 /* DesignSystem */ = {
			isa = PBXGroup;
			children = (
				1FA44283F8EE408D9BE4E2BF /* LifeCueTheme.swift */,
			);
			path = DesignSystem;
			sourceTree = "<group>";
		};
		F5B0499C34224E3BBC4CB3B4 /* Models */ = {
			isa = PBXGroup;
			children = (
				47119027AE3C4D7AA54CC7F6 /* ContextService.swift */,
				9CD487BC6CEC4CA4ACE2BCFC /* NotificationReconcileResult.swift */,
				A88BF51524FF4B0E98AF2EF6 /* OrganizationDeletion.swift */,
				E87096103701455EBC0B3D26 /* OrganizationListScope.swift */,
				D5BB5CE51C594049BD534EA6 /* Person.swift */,
				6E1575FB2D2449FAA529C447 /* PersonService.swift */,
				8BF6165238774806A35FFCAD /* Reminder.swift */,
				9788304BB6664D54838802E0 /* ReminderContext.swift */,
				B2DB6D2B676C488E8BDA038F /* ReminderDisplayFormatter.swift */,
				09FA5B2744144635B4F1F782 /* ReminderForwardFormatter.swift */,
				5BB00EB2094C4B0E89538E7D /* ReminderMetadataResolver.swift */,
				F7B1F76758454272ADB2EAA0 /* ReminderRecurrence.swift */,
				EF19F7BBAECB42C386E8EC7E /* ReminderRule.swift */,
				E6FC9F911F154516B6A1F378 /* ReminderRuleDisplayFormatter.swift */,
				2F72E36C9A6044989B19F30C /* ReminderService.swift */,
				7982877A67D442AB95794F01 /* ReminderStatus.swift */,
			);
			path = Models;
			sourceTree = "<group>";
		};
		1187611258474685B1EF0F33 /* Classification */ = {
			isa = PBXGroup;
			children = (
				127DB72EB4484F01AC25E17C /* ReminderHomeSection.swift */,
			);
			path = Classification;
			sourceTree = "<group>";
		};
		298BF882105A491F936127AA /* Calendar */ = {
			isa = PBXGroup;
			children = (
				FE724BD3AE3D4981801B7DA0 /* CalendarEvent.swift */,
				3EA431E6A2924329BE666FB4 /* CalendarEventPrefill.swift */,
			);
			path = Calendar;
			sourceTree = "<group>";
		};
		BF700E30D3F64DCA8E8E3F5E /* ReminderEngine */ = {
			isa = PBXGroup;
			children = (
				3AD9C7CD9FB94608A3CAAE41 /* ReminderRuleEngine.swift */,
				9FD24EB7ABB04C089DEDA583 /* ReminderSchedulingPolicy.swift */,
			);
			path = ReminderEngine;
			sourceTree = "<group>";
		};
		5CB61A388077454E8907CFBC /* OCR */ = {
			isa = PBXGroup;
			children = (
				4CEC9AF542B34D8EB622F0EC /* OCRResult.swift */,
			);
			path = OCR;
			sourceTree = "<group>";
		};
		85BAD0F4811048CFB1C626F4 /* Extraction */ = {
			isa = PBXGroup;
			children = (
				47B17FC0978F4461888FD8D3 /* ExtractionFieldState.swift */,
				47027357F3554F3AB02CC794 /* ReminderDraft.swift */,
				E262220CAAF2447284DFEDB7 /* ReminderDraftConverter.swift */,
			);
			path = Extraction;
			sourceTree = "<group>";
		};
		160EC26F18384ED2975353FF /* Backup */ = {
			isa = PBXGroup;
			children = (
				0291F144B841485CB6A3843F /* BackupReminderInterval.swift */,
				46E875F29D9E40A2BC5E6344 /* BackupValidation.swift */,
				F0EE8122A8D44B358305DB77 /* LifeCueBackup.swift */,
				C9EFAD8BE73248CAB1512E05 /* LifeCueBackupMapper.swift */,
			);
			path = Backup;
			sourceTree = "<group>";
		};
		D003DDAA19C84EA1BDE54C73 /* Domain */ = {
			isa = PBXGroup;
			children = (
				F5B0499C34224E3BBC4CB3B4 /* Models */,
				1187611258474685B1EF0F33 /* Classification */,
				298BF882105A491F936127AA /* Calendar */,
				BF700E30D3F64DCA8E8E3F5E /* ReminderEngine */,
				5CB61A388077454E8907CFBC /* OCR */,
				85BAD0F4811048CFB1C626F4 /* Extraction */,
				160EC26F18384ED2975353FF /* Backup */,
			);
			path = Domain;
			sourceTree = "<group>";
		};
		029E8ED971304B908D65025B /* Persistence */ = {
			isa = PBXGroup;
			children = (
				7E8D3FC1FD824C2E99BDA679 /* ContextRecord.swift */,
				1A058FC7E7504E6F8DAF140A /* ContextRepository.swift */,
				26CBF7DB846B44289682B18C /* InMemoryReminderRepository.swift */,
				DE524E08E6944D3D8766CA4F /* LifeCueAppBootstrap.swift */,
				733BAE70BEA54D6FA238B9EE /* PersonRecord.swift */,
				D6312429CFB74AD889E9286B /* PersonRepository.swift */,
				9E1BD98C2B9A4D9BB22F6D66 /* ReminderFetchOutcome.swift */,
				AA41EBC5D4B74C5186C1C295 /* ReminderRecord.swift */,
				AC39A91641454DE7AEF73225 /* ReminderRepository.swift */,
				257FBB5B2D014A3FB78798AC /* ReminderRuleCoding.swift */,
				9B22910F18044107AB696867 /* SwiftDataReminderRepository.swift */,
			);
			path = Persistence;
			sourceTree = "<group>";
		};
		A641102FB730407F9B198F7C /* Notifications */ = {
			isa = PBXGroup;
			children = (
				25492E406A7046CBB806374E /* BackupReminderNotification.swift */,
				5D3147B93B6A48FF89FCEF3C /* DelayedNotificationScheduler.swift */,
				0D023EEBC65C48FC868A7B4F /* FakeNotificationScheduler.swift */,
				260D80456AC94456AC8062AE /* LifeCueNotificationCenterDelegate.swift */,
				91AE1121BBB94ECD990ADA9F /* NotificationContentBuilder.swift */,
				E5BC885196F345BFA39981A1 /* NotificationNavigationStore.swift */,
				73FBB61B77B3469BB96C5718 /* NotificationScheduling.swift */,
				2A83EB8B0E024E4C8CA45C15 /* NotificationTapRouting.swift */,
				D360CC3ED201492D9FDBA7BD /* UserNotificationScheduler.swift */,
			);
			path = Notifications;
			sourceTree = "<group>";
		};
		3B6A6463675749BD89D1D089 /* Calendar */ = {
			isa = PBXGroup;
			children = (
				90F718CE85AB4E3E9A0E4498 /* CalendarServing.swift */,
				0A51B8C8F9CC417A92282300 /* EventKitCalendarService.swift */,
				EDC0FDA1F6E14E7E821979D7 /* FakeCalendarService.swift */,
			);
			path = Calendar;
			sourceTree = "<group>";
		};
		42D220CFB04E4933A716AC62 /* OCR */ = {
			isa = PBXGroup;
			children = (
				7FBCB2BD75F54FC1B93E177E /* FakeOCRService.swift */,
				A5A7FDEEA0B94094979CECA9 /* OCRServing.swift */,
				9D41A6A388FF4DDFA72E865F /* VisionOCRService.swift */,
			);
			path = OCR;
			sourceTree = "<group>";
		};
		A23DFB41B1F7465B843CD0BC /* Extraction */ = {
			isa = PBXGroup;
			children = (
				77BF3FB3A175454B97D80381 /* DeterministicReminderTextExtractor.swift */,
				9F5BA3594DB74E1D96E118CD /* ExtractionDateParser.swift */,
				6F952D8A20E042C58C5407CF /* ExtractionTimeParser.swift */,
				36B3E976DE4B4CC1929AF578 /* FakeReminderTextExtractor.swift */,
				2BC56ADA17A34886992C1E0B /* ReminderTextExtracting.swift */,
			);
			path = Extraction;
			sourceTree = "<group>";
		};
		0D99A5F2F8C54536AA687FE4 /* Forward */ = {
			isa = PBXGroup;
			children = (
				B5B9F2C85BA44561BCA4C53F /* ForwardSharingService.swift */,
			);
			path = Forward;
			sourceTree = "<group>";
		};
		50C596E63E6A493FBA044FCA /* Backup */ = {
			isa = PBXGroup;
			children = (
				F697CE86F1AF4D47B6ACCD59 /* BackupExportImportServices.swift */,
				DF625B8F4A464CE3B9471B39 /* BackupReminderScheduler.swift */,
				FECFDE157167473EA85E5867 /* BackupStoreReplacing.swift */,
				562460EB9C45485C8350A95A /* LifeCueBackupFileDocument.swift */,
			);
			path = Backup;
			sourceTree = "<group>";
		};
		C851D120A28D4CC5A0D7F9C2 /* Settings */ = {
			isa = PBXGroup;
			children = (
				0E8CABCDAE5244B39B9327FC /* LifeCueSettings.swift */,
			);
			path = Settings;
			sourceTree = "<group>";
		};
		BBDA4F486F994BB58C2D7EF2 /* Purchases */ = {
			isa = PBXGroup;
			children = (
				BC33DA25EDC847399C695B30 /* AppConfig.swift */,
				1A618D048BC64B5899C34B49 /* FeatureAccessPolicy.swift */,
				8312668FB2774066A954DF8E /* PurchaseManager.swift */,
			);
			path = Purchases;
			sourceTree = "<group>";
		};
		66FB71551831403281F51E0A /* Services */ = {
			isa = PBXGroup;
			children = (
				029E8ED971304B908D65025B /* Persistence */,
				A641102FB730407F9B198F7C /* Notifications */,
				3B6A6463675749BD89D1D089 /* Calendar */,
				42D220CFB04E4933A716AC62 /* OCR */,
				A23DFB41B1F7465B843CD0BC /* Extraction */,
				0D99A5F2F8C54536AA687FE4 /* Forward */,
				50C596E63E6A493FBA044FCA /* Backup */,
				C851D120A28D4CC5A0D7F9C2 /* Settings */,
				BBDA4F486F994BB58C2D7EF2 /* Purchases */,
			);
			path = Services;
			sourceTree = "<group>";
		};
		5DD21C9DD44C4FC19E41C93E /* Home */ = {
			isa = PBXGroup;
			children = (
				F84C702120C0468FB2909368 /* HomeView.swift */,
				DD58C4825BA04DF08B50F503 /* ReminderHomeFiltering.swift */,
				FB203C5D991642B7AC487BEC /* ReminderListViewModel.swift */,
			);
			path = Home;
			sourceTree = "<group>";
		};
		05084C5F63C948D1B54ADB67 /* Reminder */ = {
			isa = PBXGroup;
			children = (
				27E9146FDA17410FBA231437 /* AddReminderView.swift */,
				4ED9BA9045F941CD9DED62B2 /* EditReminderView.swift */,
				0F404072BA664524A868AB34 /* ForwardReminderView.swift */,
				15D285D2B8B04BEF921D618D /* ReminderDetailView.swift */,
				4F1C0DCC90C548FF98AA298A /* ReminderOrganizationSection.swift */,
				8E5200A866A7457680045558 /* ReminderScheduleFormModel.swift */,
			);
			path = Reminder;
			sourceTree = "<group>";
		};
		F502E272E7AE4993A1EA8020 /* Calendar */ = {
			isa = PBXGroup;
			children = (
				D9302076AE0C4C4DA64E80A1 /* CalendarEventDisplayFormatter.swift */,
				128AFE9CAF7848B9B0251844 /* CalendarEventPickerView.swift */,
				BB9F66C6D0E548098EECA1C6 /* CalendarMonthIndexer.swift */,
				18C8458F126C42938BD8FBA1 /* CalendarMonthView.swift */,
				94CE109AF5C146A0B2A64C18 /* CalendarMonthViewModel.swift */,
				8383D08E99E4403689FB5582 /* CalendarUpcomingView.swift */,
				7D66B21808DE4DC8806863F0 /* CalendarUpcomingViewModel.swift */,
				F149FC0693E7491DABBA933C /* MonthCalendarGrid.swift */,
			);
			path = Calendar;
			sourceTree = "<group>";
		};
		CB880978E0514A238ACC3EEA /* People */ = {
			isa = PBXGroup;
			children = (
				BE192F231A5B447B8B93ECE3 /* ContextsListView.swift */,
				E7D8D97559D74AF18EB473B1 /* PeopleListView.swift */,
			);
			path = People;
			sourceTree = "<group>";
		};
		50A44D3B8D354303AF7BA222 /* More */ = {
			isa = PBXGroup;
			children = (
				8C2AE07E9EE34A4D9327E385 /* MoreNavigationPresentation.swift */,
				60FFFDC666BA416DB45A218E /* MoreView.swift */,
			);
			path = More;
			sourceTree = "<group>";
		};
		68A779D658AC4FFF8D456572 /* Capture */ = {
			isa = PBXGroup;
			children = (
				1DC0A7E37A024DABB48C6810 /* AddSomethingView.swift */,
				6D8E742223264B208AFD64EE /* CameraPickerView.swift */,
				C2E7D50FAD2C4A84939F9BE8 /* ExtractionReviewView.swift */,
				799F6659B11B45C2BC9E0574 /* ExtractionReviewViewModel.swift */,
				CF2362C5A8C145528D6380A2 /* ImageCaptureFlowView.swift */,
				C449F3C6A7B0478AADAE5F61 /* ImageCaptureViewModel.swift */,
				10AE6FF51284429EBA35C951 /* OCRResultViews.swift */,
				FDB474AE674C4CA08AE7F80E /* TransferableImageData.swift */,
			);
			path = Capture;
			sourceTree = "<group>";
		};
		6DFA6DD6BC8F4112BE28E745 /* Placeholders */ = {
			isa = PBXGroup;
			children = (
				FA1F7107ADA741F99947CB53 /* PlaceholderTabView.swift */,
			);
			path = Placeholders;
			sourceTree = "<group>";
		};
		2365EA3B83514062A28EE179 /* Root */ = {
			isa = PBXGroup;
			children = (
				D41010277A4F4E639530FC07 /* PersistenceFailureView.swift */,
				9B726C600F1649C19F3580A6 /* RootView.swift */,
			);
			path = Root;
			sourceTree = "<group>";
		};
		505213AEEAE94CA88DFF7FF2 /* Backup */ = {
			isa = PBXGroup;
			children = (
				2255E2A21F60401291F00204 /* BackupRestorePresentation.swift */,
				1F13C5B3153043FDA06CCF55 /* BackupRestoreView.swift */,
			);
			path = Backup;
			sourceTree = "<group>";
		};
		2DEEA9349EAA43789EE742FD /* Help */ = {
			isa = PBXGroup;
			children = (
				6BE9E39518364BAD9AD8BA3F /* HelpContent.swift */,
				67D3CB1D32A4442C9875218F /* HelpView.swift */,
			);
			path = Help;
			sourceTree = "<group>";
		};
		686E0D29729F4F94A1B85AB8 /* Settings */ = {
			isa = PBXGroup;
			children = (
				0EEFCAA0AD6A44D7AFCF6BF5 /* AboutLifeCueView.swift */,
				60468C3B723F422C8FD7D8CD /* PrivacyContent.swift */,
				1C8E9B3186D54D219E618FB6 /* PrivacyView.swift */,
				F6BA4282F1174231A39DD24C /* SettingsView.swift */,
			);
			path = Settings;
			sourceTree = "<group>";
		};
		4649024FC0764D88AA2E41C2 /* Pro */ = {
			isa = PBXGroup;
			children = (
				1AF5CA0845BD4E7AAB613815 /* ProUnlockView.swift */,
			);
			path = Pro;
			sourceTree = "<group>";
		};
		7AA7E9F552FE4A6898E34B8C /* Features */ = {
			isa = PBXGroup;
			children = (
				5DD21C9DD44C4FC19E41C93E /* Home */,
				F502E272E7AE4993A1EA8020 /* Calendar */,
				05084C5F63C948D1B54ADB67 /* Reminder */,
				CB880978E0514A238ACC3EEA /* People */,
				50A44D3B8D354303AF7BA222 /* More */,
				68A779D658AC4FFF8D456572 /* Capture */,
				6DFA6DD6BC8F4112BE28E745 /* Placeholders */,
				2365EA3B83514062A28EE179 /* Root */,
				505213AEEAE94CA88DFF7FF2 /* Backup */,
				2DEEA9349EAA43789EE742FD /* Help */,
				686E0D29729F4F94A1B85AB8 /* Settings */,
				4649024FC0764D88AA2E41C2 /* Pro */,
			);
			path = Features;
			sourceTree = "<group>";
		};
		F0971777DA4349AFBCF935DD /* Resources */ = {
			isa = PBXGroup;
			children = (
				98EB18122FCC4FA083D72137 /* Assets.xcassets */,
				BAAD3F9487E44295ACBA76AF /* Configuration.storekit */,
			);
			path = Resources;
			sourceTree = "<group>";
		};
		55578FDBBC3A43589F8CFBFA /* LifeCue */ = {
			isa = PBXGroup;
			children = (
				F9EB7D0E8E6D4ADB9FBB87BD /* App */,
				AE99E45342B2400ABFF70910 /* DesignSystem */,
				D003DDAA19C84EA1BDE54C73 /* Domain */,
				66FB71551831403281F51E0A /* Services */,
				7AA7E9F552FE4A6898E34B8C /* Features */,
				F0971777DA4349AFBCF935DD /* Resources */,
			);
			path = LifeCue;
			sourceTree = "<group>";
		};
		1F85F9F8FD5741A9BF80431C /* LifeCueTests */ = {
			isa = PBXGroup;
			children = (
				21DDD5C84BB546DC9E26DB70 /* CalendarMonthTests.swift */,
				14958C1A527B46EF9B7354C3 /* CalendarServiceTests.swift */,
				2D3181E5EE654FD0AE7F917D /* ExtractionReviewTests.swift */,
				2DD43AD6BAD4473591875753 /* FeatureAccessPolicyTests.swift */,
				B988F760518B4D8DA5B22AFE /* LifeCueNotificationCenterDelegateTests.swift */,
				D99D8B1B9180466F95B538A3 /* OCRServiceTests.swift */,
				E00AAF00C1B14ADDA4807473 /* PeopleContextCreationPresentationTests.swift */,
				FFF947BD33DB4F23BAFE4D3C /* ProjectSourceSyncTests.swift */,
				4F8B79661C914C1DA03B6579 /* ReminderDateWindowDefaultTests.swift */,
				6F2ECE065A4F4A9EB176BA37 /* ReminderHomeClassifierTests.swift */,
				32778353F3FB4CBB98460580 /* ReminderHomeFilteringTests.swift */,
				D2623ED612BF4E6C9C202CC1 /* ReminderModelTests.swift */,
				9A00287584144F1E90139BA5 /* ReminderNotificationLifecycleTests.swift */,
				EAFC70B754A04B2F8B1CE741 /* ReminderRecurrenceEngineTests.swift */,
				90DFBA118B974315A87A0CC8 /* ReminderRuleCodingTests.swift */,
				03E57C6260314979BE7CEBA2 /* ReminderRuleEngineTests.swift */,
				774423BF5BBC4771A4C054CC /* ReminderScheduleRaceTests.swift */,
				C80DEC6DE95C486BB52B3456 /* ReminderServiceTests.swift */,
				D1A3BA6259B4419787B668FC /* ReminderSprint13OCRExtractionTests.swift */,
				5F1FBC2ACCC14059AD6F2410 /* ReminderSprint14BackupTests.swift */,
				3D3A2E5F7A594EE48573F456 /* ReminderSprint15BackupReminderTests.swift */,
				EF88FFEEAD9549AA8F6631A9 /* ReminderSprint15HelpTests.swift */,
				79253A52D78440C1A1903868 /* ReminderSprint16SettingsTests.swift */,
				36BBADD967D54CEB8979316F /* ReminderSprint17ReliabilityTests.swift */,
				AE601CCDAD494ECCAA23D710 /* ReminderSprint18DeletionTests.swift */,
				4C2E636DE5B144A785C3CFF6 /* ReminderSprint19UnarchiveTests.swift */,
				AE3975152B5C4A9CB6E73EC6 /* ReminderSprint20ReliabilityQATests.swift */,
				3048F8AF5A394C9081A3E8B7 /* ReminderSprint61ReliabilityTests.swift */,
				8EDF92CB6A824A5EAB0B408A /* ReminderSprint62CapacityTests.swift */,
				56EBF629FE9E4FA8B1809F9F /* ReminderSprint7PeopleContextTests.swift */,
				58A071FA3E0B44CE809A3381 /* ReminderSprint8ForwardTests.swift */,
				83E34CE8E535478CB3B21FD6 /* ReminderTextExtractorTests.swift */,
				0DF42B0F2DFA4BAC9C2478C0 /* ReminderTimezoneDisplayTests.swift */,
				80106E1E92894D29A3E822C9 /* ReminderWeekdaySelectorUITests.swift */,
				D264B060C5A147EEB726348C /* SwiftDataReminderRepositoryTests.swift */,
			);
			path = LifeCueTests;
			sourceTree = "<group>";
		};
		A21CA932CF9E4901BED8309E /* Products */ = {
			isa = PBXGroup;
			children = (
				E2D1C7B62D744102BBD9A530 /* LifeCue.app */,
				F0E65386920F4996AADF1AFC /* LifeCueTests.xctest */,
			);
			name = Products;
			sourceTree = "<group>";
		};
		9085A00FDB684266BC22508F = {
			isa = PBXGroup;
			children = (
				55578FDBBC3A43589F8CFBFA /* LifeCue */,
				1F85F9F8FD5741A9BF80431C /* LifeCueTests */,
				A21CA932CF9E4901BED8309E /* Products */,
			);
			sourceTree = "<group>";
		};
/* End PBXGroup section */

/* Begin PBXNativeTarget section */
		35C86296E87343598B371449 /* LifeCue */ = {
			isa = PBXNativeTarget;
			buildConfigurationList = F3D58046900149CC81FE4E4D /* Build configuration list for PBXNativeTarget "LifeCue" */;
			buildPhases = (
				1FD8339D9182469E86DD8F0C /* Sources */,
				A0B58E8160394F009970CD92 /* Frameworks */,
				97FC18E340AA4BB1A443915F /* Resources */,
			);
			buildRules = (
			);
			dependencies = (
			);
			name = LifeCue;
			productName = LifeCue;
			productReference = E2D1C7B62D744102BBD9A530 /* LifeCue.app */;
			productType = "com.apple.product-type.application";
		};
		9DEA514921D44C8ABB1A39C4 /* LifeCueTests */ = {
			isa = PBXNativeTarget;
			buildConfigurationList = 7F7FC5F9E7EA4C88B02B3E2B /* Build configuration list for PBXNativeTarget "LifeCueTests" */;
			buildPhases = (
				3C7FE2B220EB4422B930638A /* Sources */,
				ECD750F97A704E53828F9AF9 /* Frameworks */,
				E7585EDA6F2D4C5FB8D59915 /* Copy LifeCue Repo Snapshot */,
			);
			buildRules = (
			);
			dependencies = (
				F187E84DAD5E4EDE8A8CE07B /* PBXTargetDependency */,
			);
			name = LifeCueTests;
			productName = LifeCueTests;
			productReference = F0E65386920F4996AADF1AFC /* LifeCueTests.xctest */;
			productType = "com.apple.product-type.bundle.unit-test";
		};
/* End PBXNativeTarget section */

/* Begin PBXProject section */
		A8D7D42A314742A19797AF00 /* Project object */ = {
			isa = PBXProject;
			attributes = {
				BuildIndependentTargetsInParallel = 1;
				LastSwiftUpdateCheck = 2600;
				LastUpgradeCheck = 2600;
				TargetAttributes = {
					35C86296E87343598B371449 = {
						CreatedOnToolsVersion = 26.0;
					};
					9DEA514921D44C8ABB1A39C4 = {
						CreatedOnToolsVersion = 26.0;
						TestTargetID = 35C86296E87343598B371449;
					};
				};
			};
			buildConfigurationList = 8A0659D401604B17ABEA1426 /* Build configuration list for PBXProject "LifeCue" */;
			compatibilityVersion = "Xcode 15.0";
			developmentRegion = en;
			hasScannedForEncodings = 0;
			knownRegions = (
				en,
				Base,
			);
			mainGroup = 9085A00FDB684266BC22508F;
			productRefGroup = A21CA932CF9E4901BED8309E /* Products */;
			projectDirPath = "";
			projectRoot = "";
			targets = (
				35C86296E87343598B371449 /* LifeCue */,
				9DEA514921D44C8ABB1A39C4 /* LifeCueTests */,
			);
		};
/* End PBXProject section */

/* Begin PBXResourcesBuildPhase section */
		97FC18E340AA4BB1A443915F /* Resources */ = {
			isa = PBXResourcesBuildPhase;
			buildActionMask = 2147483647;
			files = (
				CF4698A003C54C188064A64A /* Assets.xcassets in Resources */,
				FBF08F9538B74E2BA43406B0 /* Configuration.storekit in Resources */,
			);
			runOnlyForDeploymentPostprocessing = 0;
		};
/* End PBXResourcesBuildPhase section */

/* Begin PBXShellScriptBuildPhase section */
		E7585EDA6F2D4C5FB8D59915 /* Copy LifeCue Repo Snapshot */ = {
			isa = PBXShellScriptBuildPhase;
			alwaysOutOfDate = 1;
			buildActionMask = 2147483647;
			files = (
			);
			inputFileListPaths = (
			);
			inputPaths = (
			);
			name = "Copy LifeCue Repo Snapshot";
			outputFileListPaths = (
			);
			outputPaths = (
			);
			runOnlyForDeploymentPostprocessing = 0;
			shellPath = /bin/sh;
			shellScript = "\"${SRCROOT}/Scripts/copy_lifecue_repo_snapshot_for_tests.sh\"\n";
		};
/* End PBXShellScriptBuildPhase section */

/* Begin PBXSourcesBuildPhase section */
		1FD8339D9182469E86DD8F0C /* Sources */ = {
			isa = PBXSourcesBuildPhase;
			buildActionMask = 2147483647;
			files = (
				7453620D73624F44BE466AFF /* LifeCueApp.swift in Sources */,
				A7A3CEFF285F46E4B2123A71 /* LifeCueTheme.swift in Sources */,
				826D3558C965463789905D65 /* BackupReminderInterval.swift in Sources */,
				36C0C2BC151A401288F13D7E /* BackupValidation.swift in Sources */,
				22F3B8D1526948CCA9DA251E /* LifeCueBackup.swift in Sources */,
				5B9EE5837A6E4B80BFA3CE5D /* LifeCueBackupMapper.swift in Sources */,
				46C8439841224BBE946F1972 /* CalendarEvent.swift in Sources */,
				E0E02E12DCCF4DC3BFD5B835 /* CalendarEventPrefill.swift in Sources */,
				4660210756574BCF9DCCA865 /* ReminderHomeSection.swift in Sources */,
				A785D10CDDDD488DB80FA275 /* ExtractionFieldState.swift in Sources */,
				9C4359B29E0A46D494BC0010 /* ReminderDraft.swift in Sources */,
				C2F3C45D9FD94D458C7B0E36 /* ReminderDraftConverter.swift in Sources */,
				F61EE0D040BA400AA41730AA /* ContextService.swift in Sources */,
				6A026205E7E54E438A487E75 /* NotificationReconcileResult.swift in Sources */,
				AD602ACD1A38466C9512C0FB /* OrganizationDeletion.swift in Sources */,
				76F9D395FB6143B793C3B5D3 /* OrganizationListScope.swift in Sources */,
				C3209D0FD79E47FDB7287B6B /* Person.swift in Sources */,
				D91592E97CB44B81A2A6F1AB /* PersonService.swift in Sources */,
				6A6FB09F6488486697AF34CC /* Reminder.swift in Sources */,
				462EE60C5D6047F489E32F44 /* ReminderContext.swift in Sources */,
				D161438B41D54DB2945F3454 /* ReminderDisplayFormatter.swift in Sources */,
				5BCDB13DF3524DB09F68F1A5 /* ReminderForwardFormatter.swift in Sources */,
				81CD29A94124420FBDC178DB /* ReminderMetadataResolver.swift in Sources */,
				7051D9A2396649D986AD2FCB /* ReminderRecurrence.swift in Sources */,
				B58A263ABCBB4F00A4107151 /* ReminderRule.swift in Sources */,
				4E3B25C4717B4EF7A94FF54D /* ReminderRuleDisplayFormatter.swift in Sources */,
				FC05683D8F1445819F0AFD0B /* ReminderService.swift in Sources */,
				8B372D83E64545D487C8E09A /* ReminderStatus.swift in Sources */,
				4B9010E34614445EBCA042C7 /* OCRResult.swift in Sources */,
				76D8FF1F71F24D55AE963A23 /* ReminderRuleEngine.swift in Sources */,
				32547E4DECDB44658DD9FEB1 /* ReminderSchedulingPolicy.swift in Sources */,
				F3E0084F6177487BB6338A0E /* BackupRestorePresentation.swift in Sources */,
				81FE253608764533A4791DF6 /* BackupRestoreView.swift in Sources */,
				60870D1928B84D33BEA0AFB3 /* CalendarEventDisplayFormatter.swift in Sources */,
				750CC545C41F4BA69B1BC977 /* CalendarEventPickerView.swift in Sources */,
				1F02EB0083874547850FE5B1 /* CalendarMonthIndexer.swift in Sources */,
				7665E94ABB6841B4B6F0AAAB /* CalendarMonthView.swift in Sources */,
				20C9F965CFF2431EA2E6F2A0 /* CalendarMonthViewModel.swift in Sources */,
				88358EC9D0434344840B5E20 /* CalendarUpcomingView.swift in Sources */,
				B26F50CF7FAA4ECA9D7452B7 /* CalendarUpcomingViewModel.swift in Sources */,
				6635C94B85504EAE8284A979 /* MonthCalendarGrid.swift in Sources */,
				134C84BCBBF340638E68B56E /* AddSomethingView.swift in Sources */,
				7E1D8D66E3D844278B1CADBF /* CameraPickerView.swift in Sources */,
				749D345E24B64368876369BE /* ExtractionReviewView.swift in Sources */,
				956CE029631548EDB3033559 /* ExtractionReviewViewModel.swift in Sources */,
				4315ECE2BE8E441EA4F48805 /* ImageCaptureFlowView.swift in Sources */,
				3F03027B1CFB48D1BCC878EA /* ImageCaptureViewModel.swift in Sources */,
				C341E4C1BA8742D68EBD1AB7 /* OCRResultViews.swift in Sources */,
				AED9D7B4563A4E2FA4845291 /* TransferableImageData.swift in Sources */,
				A4834D1421DA47BAA2F2F2B6 /* HelpContent.swift in Sources */,
				0D77463949FA4E8B9C9B365A /* HelpView.swift in Sources */,
				1D23FEE8F7C146A5BCB731FE /* HomeView.swift in Sources */,
				1E6BC28CC598460B91E63C60 /* ReminderHomeFiltering.swift in Sources */,
				E5DA9E53B0754E0A94A35481 /* ReminderListViewModel.swift in Sources */,
				7580C8BFB88647CC96584712 /* MoreNavigationPresentation.swift in Sources */,
				4C86AC74CC0042298D94AB87 /* MoreView.swift in Sources */,
				5B633EFEBD514F469E95250E /* ContextsListView.swift in Sources */,
				1562E38FBB284A50AF4957AE /* PeopleListView.swift in Sources */,
				AD8FEA180C7E447E9AC77EE9 /* PlaceholderTabView.swift in Sources */,
				0D294E7675A6456B9081BF87 /* ProUnlockView.swift in Sources */,
				20C7A0CCD2CD41AAA56CE7E2 /* AddReminderView.swift in Sources */,
				0CF1CB154C3645B6B0F8410B /* EditReminderView.swift in Sources */,
				C063CF361150424B8D1471AA /* ForwardReminderView.swift in Sources */,
				7C780815A7B543CFA5EF6995 /* ReminderDetailView.swift in Sources */,
				50D8D38C85544A499D6BB919 /* ReminderOrganizationSection.swift in Sources */,
				E59B79C291754194BE9E9517 /* ReminderScheduleFormModel.swift in Sources */,
				4EDC1D385F1C444AAB744336 /* PersistenceFailureView.swift in Sources */,
				0ACA8DFCDF544F0E9E935A20 /* RootView.swift in Sources */,
				D36FF7A4F33B42998284F3B8 /* AboutLifeCueView.swift in Sources */,
				9DBC8319C46342E489F0DDB9 /* PrivacyContent.swift in Sources */,
				4C46ADF62D5F40F6B60FB7DB /* PrivacyView.swift in Sources */,
				36B466E687D742A6AC08B63E /* SettingsView.swift in Sources */,
				51B97B4850764C3ABCBCBB5E /* BackupExportImportServices.swift in Sources */,
				3B364D72D6194A1D9375145C /* BackupReminderScheduler.swift in Sources */,
				C7A82966EEED4753846EF1A4 /* BackupStoreReplacing.swift in Sources */,
				2458D4E544CE41A59826E6A4 /* LifeCueBackupFileDocument.swift in Sources */,
				8740BD6B7A9C4439909A8AD7 /* CalendarServing.swift in Sources */,
				6725BD8EE6934AF1AE5E4081 /* EventKitCalendarService.swift in Sources */,
				7CB3AFDBD6254771A5D31A12 /* FakeCalendarService.swift in Sources */,
				F9D5203C8F164C41A646FE1A /* DeterministicReminderTextExtractor.swift in Sources */,
				69D51930EF814AB794839F4B /* ExtractionDateParser.swift in Sources */,
				2ECE6BFCAD954F01B6F8A46E /* ExtractionTimeParser.swift in Sources */,
				34DAA4E3B6B84AE981939C6E /* FakeReminderTextExtractor.swift in Sources */,
				5944622A8811402BA40BA785 /* ReminderTextExtracting.swift in Sources */,
				D86BBD2B3B5940DB95E7B513 /* ForwardSharingService.swift in Sources */,
				20194E4908EE43CB9316CD28 /* BackupReminderNotification.swift in Sources */,
				D25AD7C13B674D2F9E94E27A /* DelayedNotificationScheduler.swift in Sources */,
				0245C902D08D4980BDB045A3 /* FakeNotificationScheduler.swift in Sources */,
				E439826F7F00452495D1B423 /* LifeCueNotificationCenterDelegate.swift in Sources */,
				2CE2A39297EB47D99B2F9406 /* NotificationContentBuilder.swift in Sources */,
				BDFCD529867D4FC1988DF229 /* NotificationNavigationStore.swift in Sources */,
				14F6CA951B57462782FD10F9 /* NotificationScheduling.swift in Sources */,
				1E7CDF08B3CE45948110E218 /* NotificationTapRouting.swift in Sources */,
				F2B26693AD59412797795CCA /* UserNotificationScheduler.swift in Sources */,
				256137CA0525466ABBF36AD1 /* FakeOCRService.swift in Sources */,
				5979B96CD0414F29BAD24C89 /* OCRServing.swift in Sources */,
				D337BAB5D94B4354850FF0FF /* VisionOCRService.swift in Sources */,
				E03FD86E135E469998F177AA /* ContextRecord.swift in Sources */,
				8AD4A8110C694AF1B6207C54 /* ContextRepository.swift in Sources */,
				05E259A8E209442DA2178301 /* InMemoryReminderRepository.swift in Sources */,
				C6217A890DCC419CAE79C374 /* LifeCueAppBootstrap.swift in Sources */,
				15B1C33EA681499498ECF03F /* PersonRecord.swift in Sources */,
				A46BC179E1854BE1A3534224 /* PersonRepository.swift in Sources */,
				F3D1B458E09D42DDA95BA90B /* ReminderFetchOutcome.swift in Sources */,
				08FFE4737DD84F2B89C658BB /* ReminderRecord.swift in Sources */,
				337B7D7BBA76435EA5E67494 /* ReminderRepository.swift in Sources */,
				F3F3C86567884386B50AB852 /* ReminderRuleCoding.swift in Sources */,
				80B57C08EE6046B8A5B8ED61 /* SwiftDataReminderRepository.swift in Sources */,
				B37B2FB0C2D844CDB76ED5C6 /* AppConfig.swift in Sources */,
				7C9E2C4D549C4427A9166E6F /* FeatureAccessPolicy.swift in Sources */,
				372EFFE9FAAD471D9266DF99 /* PurchaseManager.swift in Sources */,
				97834AA4E46F4821851B9650 /* LifeCueSettings.swift in Sources */,
			);
			runOnlyForDeploymentPostprocessing = 0;
		};
		3C7FE2B220EB4422B930638A /* Sources */ = {
			isa = PBXSourcesBuildPhase;
			buildActionMask = 2147483647;
			files = (
				9A3DB712FC6C40ABAB99EF38 /* CalendarMonthTests.swift in Sources */,
				A1867F941A5B4F0E9F5D1C11 /* CalendarServiceTests.swift in Sources */,
				F333C855B7BA42E4A971CAD2 /* ExtractionReviewTests.swift in Sources */,
				C1025719FA8E420AAA3A297A /* FeatureAccessPolicyTests.swift in Sources */,
				E335B7C413684DC3A22239A3 /* LifeCueNotificationCenterDelegateTests.swift in Sources */,
				1DE7C1EBCF63477482B7010E /* OCRServiceTests.swift in Sources */,
				73DD3E7F4046497EAABCC79B /* PeopleContextCreationPresentationTests.swift in Sources */,
				AE4653113C554498993624B5 /* ProjectSourceSyncTests.swift in Sources */,
				CE065D517ADC4508ADD88884 /* ReminderDateWindowDefaultTests.swift in Sources */,
				01EF8C914AFA4273A6083DF9 /* ReminderHomeClassifierTests.swift in Sources */,
				E483616DEFE94702BEA6E510 /* ReminderHomeFilteringTests.swift in Sources */,
				33B3B78E49264D698DF17CF7 /* ReminderModelTests.swift in Sources */,
				8D600C5A07084E009CB74DAA /* ReminderNotificationLifecycleTests.swift in Sources */,
				3A68C9A4EF9B4FC7987C48BC /* ReminderRecurrenceEngineTests.swift in Sources */,
				1650C4F9CB30412E84D87234 /* ReminderRuleCodingTests.swift in Sources */,
				35688B9AF9354CE092389C71 /* ReminderRuleEngineTests.swift in Sources */,
				DBB8D846ABBF43CA9DF3541F /* ReminderScheduleRaceTests.swift in Sources */,
				419947835BC1486ABE71F7EA /* ReminderServiceTests.swift in Sources */,
				FA8DBA6574B94543A0910221 /* ReminderSprint13OCRExtractionTests.swift in Sources */,
				D943EB9481A640C89CA308ED /* ReminderSprint14BackupTests.swift in Sources */,
				A9D185E7F8614D6AB3758E40 /* ReminderSprint15BackupReminderTests.swift in Sources */,
				7E748171B8214688A7298A3E /* ReminderSprint15HelpTests.swift in Sources */,
				12A7802105984E58B7CB7436 /* ReminderSprint16SettingsTests.swift in Sources */,
				5B1B1B5EF661475F885297C0 /* ReminderSprint17ReliabilityTests.swift in Sources */,
				9BA5219844E1442A8E536400 /* ReminderSprint18DeletionTests.swift in Sources */,
				1B39C4391CB249A3AB253FD5 /* ReminderSprint19UnarchiveTests.swift in Sources */,
				31ABC23CEB864A83940701B6 /* ReminderSprint20ReliabilityQATests.swift in Sources */,
				1562E64476DD4689BB90B629 /* ReminderSprint61ReliabilityTests.swift in Sources */,
				A31E191F04994D498D46D0A9 /* ReminderSprint62CapacityTests.swift in Sources */,
				6F7289F2736D444289BAB3ED /* ReminderSprint7PeopleContextTests.swift in Sources */,
				9DF720052FB14DB49C09660A /* ReminderSprint8ForwardTests.swift in Sources */,
				0AFFC7F8D8A847DFB9E900B5 /* ReminderTextExtractorTests.swift in Sources */,
				760E96768FE84C97B0C47D61 /* ReminderTimezoneDisplayTests.swift in Sources */,
				B2B62B4152094BBCBF0F0BEC /* ReminderWeekdaySelectorUITests.swift in Sources */,
				38D5CC894AF34A25BBA5E2D3 /* SwiftDataReminderRepositoryTests.swift in Sources */,
			);
			runOnlyForDeploymentPostprocessing = 0;
		};
/* End PBXSourcesBuildPhase section */

/* Begin PBXTargetDependency section */
		F187E84DAD5E4EDE8A8CE07B /* PBXTargetDependency */ = {
			isa = PBXTargetDependency;
			target = 35C86296E87343598B371449 /* LifeCue */;
			targetProxy = 8893F007B5EF4E848712B719 /* PBXContainerItemProxy */;
		};
/* End PBXTargetDependency section */

/* Begin XCBuildConfiguration section */
		7DE63F38B81B49C5BD7E7BCC /* Debug */ = {
			isa = XCBuildConfiguration;
			buildSettings = {
				ALWAYS_SEARCH_USER_PATHS = NO;
				CLANG_ENABLE_MODULES = YES;
				CLANG_ENABLE_OBJC_ARC = YES;
				DEBUG_INFORMATION_FORMAT = dwarf;
				ENABLE_TESTABILITY = YES;
				GCC_DYNAMIC_NO_PIC = NO;
				IPHONEOS_DEPLOYMENT_TARGET = 17.0;
				ONLY_ACTIVE_ARCH = YES;
				SDKROOT = iphoneos;
				SWIFT_ACTIVE_COMPILATION_CONDITIONS = "DEBUG $(inherited)";
				SWIFT_OPTIMIZATION_LEVEL = "-Onone";
				SWIFT_VERSION = 5.0;
			};
			name = Debug;
		};
		D507BBBFD77C4BE2B021714B /* Release */ = {
			isa = XCBuildConfiguration;
			buildSettings = {
				ALWAYS_SEARCH_USER_PATHS = NO;
				CLANG_ENABLE_MODULES = YES;
				CLANG_ENABLE_OBJC_ARC = YES;
				DEBUG_INFORMATION_FORMAT = "dwarf-with-dsym";
				IPHONEOS_DEPLOYMENT_TARGET = 17.0;
				SDKROOT = iphoneos;
				SWIFT_COMPILATION_MODE = wholemodule;
				SWIFT_VERSION = 5.0;
				VALIDATE_PRODUCT = YES;
			};
			name = Release;
		};
		F2970F756E0B453E882BACAE /* Debug */ = {
			isa = XCBuildConfiguration;
			buildSettings = {
				ASSETCATALOG_COMPILER_APPICON_NAME = AppIcon;
				ASSETCATALOG_COMPILER_GLOBAL_ACCENT_COLOR_NAME = AccentColor;
				CODE_SIGN_STYLE = Automatic;
				CURRENT_PROJECT_VERSION = 3;
				DEVELOPMENT_TEAM = 8N3N7WP2A9;
				ENABLE_PREVIEWS = YES;
				GENERATE_INFOPLIST_FILE = YES;
				INFOPLIST_FILE = LifeCue/Info.plist;
				INFOPLIST_KEY_CFBundleDisplayName = LifeCue;
				INFOPLIST_KEY_NSCameraUsageDescription = "LifeCue uses the camera so you can capture a photo of a note or document to read on your device.";
				INFOPLIST_KEY_NSCalendarsFullAccessUsageDescription = "LifeCue can optionally show your upcoming calendar events while you create reminders. Your calendar stays on this device.";
				INFOPLIST_KEY_UIApplicationSceneManifest_Generation = YES;
				INFOPLIST_KEY_UILaunchScreen_Generation = YES;
				INFOPLIST_KEY_UISupportedInterfaceOrientations = UIInterfaceOrientationPortrait;
				INFOPLIST_KEY_UISupportedInterfaceOrientations_iPad = "UIInterfaceOrientationPortrait UIInterfaceOrientationPortraitUpsideDown UIInterfaceOrientationLandscapeLeft UIInterfaceOrientationLandscapeRight";
				LD_RUNPATH_SEARCH_PATHS = (
					"$(inherited)",
					"@executable_path/Frameworks",
				);
				MARKETING_VERSION = 1.1.0;
				PRODUCT_BUNDLE_IDENTIFIER = com.lifecue.app;
				PRODUCT_NAME = "$(TARGET_NAME)";
				SUPPORTED_PLATFORMS = "iphoneos iphonesimulator";
				SUPPORTS_MACCATALYST = NO;
				SWIFT_EMIT_LOC_STRINGS = YES;
				TARGETED_DEVICE_FAMILY = "1,2";
			};
			name = Debug;
		};
		ED1052DC86D345AE8931902A /* Release */ = {
			isa = XCBuildConfiguration;
			buildSettings = {
				ASSETCATALOG_COMPILER_APPICON_NAME = AppIcon;
				ASSETCATALOG_COMPILER_GLOBAL_ACCENT_COLOR_NAME = AccentColor;
				CODE_SIGN_STYLE = Automatic;
				CURRENT_PROJECT_VERSION = 3;
				DEVELOPMENT_TEAM = 8N3N7WP2A9;
				ENABLE_PREVIEWS = YES;
				GENERATE_INFOPLIST_FILE = YES;
				INFOPLIST_FILE = LifeCue/Info.plist;
				INFOPLIST_KEY_CFBundleDisplayName = LifeCue;
				INFOPLIST_KEY_NSCameraUsageDescription = "LifeCue uses the camera so you can capture a photo of a note or document to read on your device.";
				INFOPLIST_KEY_NSCalendarsFullAccessUsageDescription = "LifeCue can optionally show your upcoming calendar events while you create reminders. Your calendar stays on this device.";
				INFOPLIST_KEY_UIApplicationSceneManifest_Generation = YES;
				INFOPLIST_KEY_UILaunchScreen_Generation = YES;
				INFOPLIST_KEY_UISupportedInterfaceOrientations = UIInterfaceOrientationPortrait;
				INFOPLIST_KEY_UISupportedInterfaceOrientations_iPad = "UIInterfaceOrientationPortrait UIInterfaceOrientationPortraitUpsideDown UIInterfaceOrientationLandscapeLeft UIInterfaceOrientationLandscapeRight";
				LD_RUNPATH_SEARCH_PATHS = (
					"$(inherited)",
					"@executable_path/Frameworks",
				);
				MARKETING_VERSION = 1.1.0;
				PRODUCT_BUNDLE_IDENTIFIER = com.lifecue.app;
				PRODUCT_NAME = "$(TARGET_NAME)";
				SUPPORTED_PLATFORMS = "iphoneos iphonesimulator";
				SUPPORTS_MACCATALYST = NO;
				SWIFT_EMIT_LOC_STRINGS = YES;
				TARGETED_DEVICE_FAMILY = "1,2";
			};
			name = Release;
		};
		74725001E45249B08C254941 /* Debug */ = {
			isa = XCBuildConfiguration;
			buildSettings = {
				BUNDLE_LOADER = "$(TEST_HOST)";
				CODE_SIGN_STYLE = Automatic;
				CURRENT_PROJECT_VERSION = 3;
				GENERATE_INFOPLIST_FILE = YES;
				IPHONEOS_DEPLOYMENT_TARGET = 17.0;
				MARKETING_VERSION = 1.1.0;
				PRODUCT_BUNDLE_IDENTIFIER = com.lifecue.app.tests;
				PRODUCT_NAME = "$(TARGET_NAME)";
				SUPPORTED_PLATFORMS = "iphoneos iphonesimulator";
				TARGETED_DEVICE_FAMILY = "1,2";
				TEST_HOST = "$(BUILT_PRODUCTS_DIR)/LifeCue.app/$(BUNDLE_EXECUTABLE_FOLDER_PATH)/LifeCue";
			};
			name = Debug;
		};
		7EFED29D0F7A4F81BB0D17C1 /* Release */ = {
			isa = XCBuildConfiguration;
			buildSettings = {
				BUNDLE_LOADER = "$(TEST_HOST)";
				CODE_SIGN_STYLE = Automatic;
				CURRENT_PROJECT_VERSION = 3;
				GENERATE_INFOPLIST_FILE = YES;
				IPHONEOS_DEPLOYMENT_TARGET = 17.0;
				MARKETING_VERSION = 1.1.0;
				PRODUCT_BUNDLE_IDENTIFIER = com.lifecue.app.tests;
				PRODUCT_NAME = "$(TARGET_NAME)";
				SUPPORTED_PLATFORMS = "iphoneos iphonesimulator";
				TARGETED_DEVICE_FAMILY = "1,2";
				TEST_HOST = "$(BUILT_PRODUCTS_DIR)/LifeCue.app/$(BUNDLE_EXECUTABLE_FOLDER_PATH)/LifeCue";
			};
			name = Release;
		};
/* End XCBuildConfiguration section */

/* Begin XCConfigurationList section */
		8A0659D401604B17ABEA1426 /* Build configuration list for PBXProject "LifeCue" */ = {
			isa = XCConfigurationList;
			buildConfigurations = (
				7DE63F38B81B49C5BD7E7BCC /* Debug */,
				D507BBBFD77C4BE2B021714B /* Release */,
			);
			defaultConfigurationIsVisible = 0;
			defaultConfigurationName = Release;
		};
		F3D58046900149CC81FE4E4D /* Build configuration list for PBXNativeTarget "LifeCue" */ = {
			isa = XCConfigurationList;
			buildConfigurations = (
				F2970F756E0B453E882BACAE /* Debug */,
				ED1052DC86D345AE8931902A /* Release */,
			);
			defaultConfigurationIsVisible = 0;
			defaultConfigurationName = Release;
		};
		7F7FC5F9E7EA4C88B02B3E2B /* Build configuration list for PBXNativeTarget "LifeCueTests" */ = {
			isa = XCConfigurationList;
			buildConfigurations = (
				74725001E45249B08C254941 /* Debug */,
				7EFED29D0F7A4F81BB0D17C1 /* Release */,
			);
			defaultConfigurationIsVisible = 0;
			defaultConfigurationName = Release;
		};
/* End XCConfigurationList section */
	};
	rootObject = A8D7D42A314742A19797AF00 /* Project object */;
}
